
Microsoft Visual Studio Solution File, Format Version 12.00
# Visual Studio Version 17
VisualStudioVersion = 17.3.32901.215
MinimumVisualStudioVersion = 10.0.40219.1
Project("{2150E333-8FDC-42A3-9474-1A3956D46DE8}") = "Solution Items", "Solution Items", "{5934D46A-E416-4600-B711-99A7CAAE8F1B}"
	ProjectSection(SolutionItems) = preProject
		.editorconfig = .editorconfig
		.vsconfig = .vsconfig
		Directory.Build.props = Directory.Build.props
		Solution.props = Solution.props
	EndProjectSection
EndProject
Project("{9A19103F-16F7-4668-BE54-9A1E7A4F7556}") = "DevHome", "src\DevHome.csproj", "{60E0FD98-5396-436D-BAB7-187A853A5DC6}"
	ProjectSection(ProjectDependencies) = postProject
		{0689521A-1686-46DB-81E1-3B84AA0EF1AC} = {0689521A-1686-46DB-81E1-3B84AA0EF1AC}
		{8BE0016E-5BBD-459E-A382-B1CE56E7CA5D} = {8BE0016E-5BBD-459E-A382-B1CE56E7CA5D}
		{D2303635-3DD9-4DCA-A38A-F5306D0BB8FE} = {D2303635-3DD9-4DCA-A38A-F5306D0BB8FE}
	EndProjectSection
EndProject
Project("{9A19103F-16F7-4668-BE54-9A1E7A4F7556}") = "DevHome.Common", "common\DevHome.Common.csproj", "{8BE0016E-5BBD-459E-A382-B1CE56E7CA5D}"
EndProject
Project("{9A19103F-16F7-4668-BE54-9A1E7A4F7556}") = "DevHome.Test", "test\DevHome.Test.csproj", "{3B409BF0-59D5-4AA3-8927-8E11476E6CEB}"
EndProject
Project("{9A19103F-16F7-4668-BE54-9A1E7A4F7556}") = "DevHome.UITest", "uitest\DevHome.UITest.csproj", "{E9F49E1C-C15D-4B87-92CA-9003C1C31DB5}"
EndProject
Project("{9A19103F-16F7-4668-BE54-9A1E7A4F7556}") = "SampleTool", "tools\SampleTool\src\SampleTool.csproj", "{CD512D91-FDA6-4908-89D5-4106F090A7BE}"
EndProject
Project("{9A19103F-16F7-4668-BE54-9A1E7A4F7556}") = "DevHome.Telemetry", "telemetry\DevHome.Telemetry\DevHome.Telemetry.csproj", "{C45241F7-8B4A-44F2-A78B-AFB6288F55B9}"
EndProject
Project("{9A19103F-16F7-4668-BE54-9A1E7A4F7556}") = "DevHome.SetupFlow", "tools\SetupFlow\DevHome.SetupFlow\DevHome.SetupFlow.csproj", "{0901B260-1B88-4B99-A9F8-477ED0A74FBD}"
EndProject
Project("{9A19103F-16F7-4668-BE54-9A1E7A4F7556}") = "DevHome.SetupFlow.UnitTest", "tools\SetupFlow\DevHome.SetupFlow.UnitTest\DevHome.SetupFlow.UnitTest.csproj", "{9A62BDDC-F33E-4EBE-B407-533263A92511}"
EndProject
Project("{9A19103F-16F7-4668-BE54-9A1E7A4F7556}") = "SampleTool.UnitTest", "tools\SampleTool\unittest\SampleTool.UnitTest.csproj", "{F65759A2-AF44-4211-9817-76E6D02F37D0}"
EndProject
Project("{2150E333-8FDC-42A3-9474-1A3956D46DE8}") = "SetupFlow", "SetupFlow", "{4179A05E-37F1-46CD-9218-0889EA2BB75B}"
EndProject
Project("{2150E333-8FDC-42A3-9474-1A3956D46DE8}") = "Tools", "Tools", "{A972EC5B-FC61-4964-A6FF-F9633EB75DFD}"
EndProject
Project("{9A19103F-16F7-4668-BE54-9A1E7A4F7556}") = "DevHome.SetupFlow.Common", "tools\SetupFlow\DevHome.SetupFlow.Common\DevHome.SetupFlow.Common.csproj", "{54082587-A435-423F-AE1B-01B906FFA7C5}"
EndProject
Project("{2150E333-8FDC-42A3-9474-1A3956D46DE8}") = "Dashboard", "Dashboard", "{222B92B1-AC7A-409D-957B-A3851D3F41B0}"
EndProject
Project("{9A19103F-16F7-4668-BE54-9A1E7A4F7556}") = "DevHome.Dashboard", "tools\Dashboard\DevHome.Dashboard\DevHome.Dashboard.csproj", "{D2303635-3DD9-4DCA-A38A-F5306D0BB8FE}"
EndProject
Project("{9A19103F-16F7-4668-BE54-9A1E7A4F7556}") = "DevHome.Dashboard.UnitTest", "tools\Dashboard\DevHome.Dashboard.UnitTest\DevHome.Dashboard.UnitTest.csproj", "{6254ADB1-B6FD-4D74-AF13-40C997919178}"
EndProject
Project("{9A19103F-16F7-4668-BE54-9A1E7A4F7556}") = "DevHome.Settings", "settings\DevHome.Settings\DevHome.Settings.csproj", "{72CE876A-7272-4460-92EB-845A45B743FB}"
EndProject
Project("{9A19103F-16F7-4668-BE54-9A1E7A4F7556}") = "DevHome.SetupFlow.ElevatedServer", "tools\SetupFlow\DevHome.SetupFlow.ElevatedServer\DevHome.SetupFlow.ElevatedServer.csproj", "{940FD524-1AC0-4BBA-BBBE-1E4F2E797508}"
	ProjectSection(ProjectDependencies) = postProject
		{A7E5FD7B-B41A-4CAE-A45A-E686DFA8ACF1} = {A7E5FD7B-B41A-4CAE-A45A-E686DFA8ACF1}
	EndProjectSection
EndProject
Project("{9A19103F-16F7-4668-BE54-9A1E7A4F7556}") = "DevHome.SetupFlow.ElevatedComponent", "tools\SetupFlow\DevHome.SetupFlow.ElevatedComponent\DevHome.SetupFlow.ElevatedComponent.csproj", "{A7E5FD7B-B41A-4CAE-A45A-E686DFA8ACF1}"
EndProject
Project("{9A19103F-16F7-4668-BE54-9A1E7A4F7556}") = "DevHome.SetupFlow.ElevatedComponent.Projection", "tools\SetupFlow\DevHome.SetupFlow.ElevatedComponent.Projection\DevHome.SetupFlow.ElevatedComponent.Projection.csproj", "{053AF75C-5CD8-497F-BA25-47435BD86047}"
	ProjectSection(ProjectDependencies) = postProject
		{A7E5FD7B-B41A-4CAE-A45A-E686DFA8ACF1} = {A7E5FD7B-B41A-4CAE-A45A-E686DFA8ACF1}
	EndProjectSection
EndProject
Project("{2150E333-8FDC-42A3-9474-1A3956D46DE8}") = "CoreWidgetProvider", "CoreWidgetProvider", "{32C0052F-10AF-48C0-A7A3-B0A1793397FD}"
EndProject
Project("{9A19103F-16F7-4668-BE54-9A1E7A4F7556}") = "CoreWidgetProvider", "extensions\CoreWidgetProvider\CoreWidgetProvider.csproj", "{0D879E08-99AA-4019-9D04-DEA9F7C7BFC1}"
EndProject
Project("{9A19103F-16F7-4668-BE54-9A1E7A4F7556}") = "DevHome.ExtensionLibrary", "tools\ExtensionLibrary\DevHome.ExtensionLibrary\DevHome.ExtensionLibrary.csproj", "{69F8B7DF-F52B-4B74-9A16-AB3241BB8912}"
EndProject
Project("{2150E333-8FDC-42A3-9474-1A3956D46DE8}") = "ExtensionLibrary", "ExtensionLibrary", "{F6EAB7D3-8F0A-4455-8969-2EF4A67314A0}"
EndProject
Project("{9A19103F-16F7-4668-BE54-9A1E7A4F7556}") = "DevHome.Experiments", "tools\Experiments\src\DevHome.Experiments.csproj", "{2F9AD5AF-EF3B-496A-8566-9E9539E3DF43}"
EndProject
Project("{2150E333-8FDC-42A3-9474-1A3956D46DE8}") = "QuietBackgroundProcesses", "QuietBackgroundProcesses", "{D04CD3A1-0B45-4CB3-925F-204F5F6AE2D8}"
EndProject
Project("{8BC9CEB8-8B4A-11D0-8D11-00A0C91BC942}") = "DevHome.QuietBackgroundProcesses.ElevatedServer", "tools\QuietBackgroundProcesses\DevHome.QuietBackgroundProcesses.ElevatedServer\DevHome.QuietBackgroundProcesses.ElevatedServer.vcxproj", "{75945141-03AC-4C40-A586-16D463A0AC1B}"
EndProject
Project("{9A19103F-16F7-4668-BE54-9A1E7A4F7556}") = "DevHome.QuietBackgroundProcesses.ElevatedServer.Projection", "tools\QuietBackgroundProcesses\DevHome.QuietBackgroundProcesses.ElevatedServer.Projection\DevHome.QuietBackgroundProcesses.ElevatedServer.Projection.csproj", "{092AC740-DA01-4872-8E93-B9557DAD6BE5}"
EndProject
Project("{8BC9CEB8-8B4A-11D0-8D11-00A0C91BC942}") = "DevHome.QuietBackgroundProcesses.Server", "tools\QuietBackgroundProcesses\DevHome.QuietBackgroundProcesses.Server\DevHome.QuietBackgroundProcesses.Server.vcxproj", "{80805B43-CE75-4C6E-92F8-F385C1039E53}"
EndProject
Project("{8BC9CEB8-8B4A-11D0-8D11-00A0C91BC942}") = "DevHome.QuietBackgroundProcesses.Common", "tools\QuietBackgroundProcesses\DevHome.QuietBackgroundProcesses.Common\DevHome.QuietBackgroundProcesses.Common.vcxproj", "{4B370E2F-FB1D-4887-90BF-3B72517485CE}"
EndProject
Project("{9A19103F-16F7-4668-BE54-9A1E7A4F7556}") = "DevHome.QuietBackgroundProcesses.UI", "tools\QuietBackgroundProcesses\DevHome.QuietBackgroundProcesses.UI\DevHome.QuietBackgroundProcesses.UI.csproj", "{1477F3EA-A9F6-4B4F-82F4-C2427F57EBEE}"
EndProject
Project("{8BC9CEB8-8B4A-11D0-8D11-00A0C91BC942}") = "DevHome.QuietBackgroundProcesses.PerformanceRecorderEngine", "tools\QuietBackgroundProcesses\DevHome.QuietBackgroundProcesses.PerformanceRecorderEngine\DevHome.QuietBackgroundProcesses.PerformanceRecorderEngine.vcxproj", "{AF5A7FA0-E3E8-44C8-8830-31DD08F583E8}"
EndProject
Project("{2150E333-8FDC-42A3-9474-1A3956D46DE8}") = "Extensions", "Extensions", "{DCAF188B-60C3-4EDB-8049-BAA927FBCD7D}"
EndProject
Project("{2150E333-8FDC-42A3-9474-1A3956D46DE8}") = "SampleTool", "SampleTool", "{E7C94F61-D6CF-464D-8D50-210488AF7A50}"
EndProject
Project("{2150E333-8FDC-42A3-9474-1A3956D46DE8}") = "Environments", "Environments", "{8FC9A04E-1FFD-42BA-B304-D1FA964D99CE}"
EndProject
Project("{9A19103F-16F7-4668-BE54-9A1E7A4F7556}") = "DevHome.Environments", "tools\Environments\DevHome.Environments\DevHome.Environments.csproj", "{CFD8A90D-8B6D-4ED6-BA35-FF894BEB46C0}"
EndProject
Project("{2150E333-8FDC-42A3-9474-1A3956D46DE8}") = "DevEnvironmentProviders", "DevEnvironmentProviders", "{8296B318-2782-4A0E-97F1-C770411C779A}"
EndProject
Project("{9A19103F-16F7-4668-BE54-9A1E7A4F7556}") = "HyperVExtensionServer", "HyperVExtension\src\HyperVExtensionServer\HyperVExtensionServer.csproj", "{0689521A-1686-46DB-81E1-3B84AA0EF1AC}"
EndProject
Project("{9A19103F-16F7-4668-BE54-9A1E7A4F7556}") = "HyperVExtension.Common", "HyperVExtension\src\HyperVExtension.Common\HyperVExtension.Common.csproj", "{A716481F-C1AF-4243-84F9-7B9399055E51}"
EndProject
Project("{2150E333-8FDC-42A3-9474-1A3956D46DE8}") = "HyperVExtension", "HyperVExtension", "{0ADDE603-FBC0-415C-A88B-8A3F5A086FB8}"
EndProject
Project("{9A19103F-16F7-4668-BE54-9A1E7A4F7556}") = "HyperVExtension", "HyperVExtension\src\HyperVExtension\HyperVExtension.csproj", "{75976510-22B7-4910-96F2-3E1519C3FF35}"
EndProject
Project("{9A19103F-16F7-4668-BE54-9A1E7A4F7556}") = "HyperVExtension.Telemetry", "HyperVExtension\src\Telemetry\HyperVExtension.Telemetry.csproj", "{D92BC45D-6D1B-4DE3-9303-4B3ED1971192}"
EndProject
Project("{2150E333-8FDC-42A3-9474-1A3956D46DE8}") = "src", "src", "{81AACED5-CFB5-47A6-AFD6-4625AADCFFA3}"
EndProject
Project("{2150E333-8FDC-42A3-9474-1A3956D46DE8}") = "test", "test", "{3E3791DF-070D-4ADE-96E8-93D6FBD53953}"
EndProject
Project("{9A19103F-16F7-4668-BE54-9A1E7A4F7556}") = "DevSetupAgent", "HyperVExtension\src\DevSetupAgent\DevSetupAgent.csproj", "{D8256951-EB23-45AA-8A0B-4573DF8E26F2}"
EndProject
Project("{9A19103F-16F7-4668-BE54-9A1E7A4F7556}") = "DevSetupEngine", "HyperVExtension\src\DevSetupEngine\DevSetupEngine.csproj", "{2C7522A3-DCE2-4ED0-889A-AD10F241EDF4}"
EndProject
Project("{8BC9CEB8-8B4A-11D0-8D11-00A0C91BC942}") = "DevSetupEngineIdl", "HyperVExtension\src\DevSetupEngineIdl\DevSetupEngineIdl.vcxproj", "{D6B0C16D-858A-4C1B-99CF-D6F4CF5BCD5F}"
EndProject
Project("{9A19103F-16F7-4668-BE54-9A1E7A4F7556}") = "DevSetupEngineProjection", "HyperVExtension\src\DevSetupEngineProjection\DevSetupEngineProjection.csproj", "{AC872D0F-2F11-48C4-949C-2464EA1AC66F}"
EndProject
Project("{9A19103F-16F7-4668-BE54-9A1E7A4F7556}") = "HyperVExtension.UnitTest", "HyperVExtension\test\HyperVExtension\HyperVExtension.UnitTest.csproj", "{F9121D0A-BB3A-4010-A982-CD8B77F47AA2}"
EndProject
Project("{9A19103F-16F7-4668-BE54-9A1E7A4F7556}") = "DevSetupEngine.Test", "HyperVExtension\test\DevSetupEngine.Test\DevSetupEngine.Test.csproj", "{F4095FD3-6A3F-490B-966D-E63059612EE6}"
EndProject
Project("{9A19103F-16F7-4668-BE54-9A1E7A4F7556}") = "DevSetupAgent.Test", "HyperVExtension\test\DevSetupAgent.Test\DevSetupAgent.Test.csproj", "{0E05A442-BDC7-43D4-A000-F8C986826716}"
EndProject
Project("{9A19103F-16F7-4668-BE54-9A1E7A4F7556}") = "HyperVExtension.HostGuestCommunication", "HyperVExtension\src\HyperVExtension.HostGuestCommunication\HyperVExtension.HostGuestCommunication.csproj", "{D759CD66-494C-4A00-8075-8B65A9891349}"
EndProject
Project("{2150E333-8FDC-42A3-9474-1A3956D46DE8}") = "Customization", "Customization", "{623998FD-B0A6-4980-95D5-A5072301CA10}"
EndProject
Project("{9A19103F-16F7-4668-BE54-9A1E7A4F7556}") = "DevHome.Customization", "tools\Customization\DevHome.Customization\DevHome.Customization.csproj", "{AF527EA4-6A24-4BD6-BC6E-A5863DC3489C}"
	ProjectSection(ProjectDependencies) = postProject
		{0901B260-1B88-4B99-A9F8-477ED0A74FBD} = {0901B260-1B88-4B99-A9F8-477ED0A74FBD}
		{54082587-A435-423F-AE1B-01B906FFA7C5} = {54082587-A435-423F-AE1B-01B906FFA7C5}
	EndProjectSection
EndProject
Global
	GlobalSection(SolutionConfigurationPlatforms) = preSolution
		Debug|Any CPU = Debug|Any CPU
		Debug|arm64 = Debug|arm64
		Debug|x64 = Debug|x64
		Debug|x86 = Debug|x86
		Release|Any CPU = Release|Any CPU
		Release|arm64 = Release|arm64
		Release|x64 = Release|x64
		Release|x86 = Release|x86
	EndGlobalSection
	GlobalSection(ProjectConfigurationPlatforms) = postSolution
		{60E0FD98-5396-436D-BAB7-187A853A5DC6}.Debug|Any CPU.ActiveCfg = Debug|x64
		{60E0FD98-5396-436D-BAB7-187A853A5DC6}.Debug|Any CPU.Build.0 = Debug|x64
		{60E0FD98-5396-436D-BAB7-187A853A5DC6}.Debug|Any CPU.Deploy.0 = Debug|x64
		{60E0FD98-5396-436D-BAB7-187A853A5DC6}.Debug|arm64.ActiveCfg = Debug|arm64
		{60E0FD98-5396-436D-BAB7-187A853A5DC6}.Debug|arm64.Build.0 = Debug|arm64
		{60E0FD98-5396-436D-BAB7-187A853A5DC6}.Debug|arm64.Deploy.0 = Debug|arm64
		{60E0FD98-5396-436D-BAB7-187A853A5DC6}.Debug|x64.ActiveCfg = Debug|x64
		{60E0FD98-5396-436D-BAB7-187A853A5DC6}.Debug|x64.Build.0 = Debug|x64
		{60E0FD98-5396-436D-BAB7-187A853A5DC6}.Debug|x64.Deploy.0 = Debug|x64
		{60E0FD98-5396-436D-BAB7-187A853A5DC6}.Debug|x86.ActiveCfg = Debug|x86
		{60E0FD98-5396-436D-BAB7-187A853A5DC6}.Debug|x86.Build.0 = Debug|x86
		{60E0FD98-5396-436D-BAB7-187A853A5DC6}.Debug|x86.Deploy.0 = Debug|x86
		{60E0FD98-5396-436D-BAB7-187A853A5DC6}.Release|Any CPU.ActiveCfg = Release|x64
		{60E0FD98-5396-436D-BAB7-187A853A5DC6}.Release|Any CPU.Build.0 = Release|x64
		{60E0FD98-5396-436D-BAB7-187A853A5DC6}.Release|Any CPU.Deploy.0 = Release|x64
		{60E0FD98-5396-436D-BAB7-187A853A5DC6}.Release|arm64.ActiveCfg = Release|arm64
		{60E0FD98-5396-436D-BAB7-187A853A5DC6}.Release|arm64.Build.0 = Release|arm64
		{60E0FD98-5396-436D-BAB7-187A853A5DC6}.Release|arm64.Deploy.0 = Release|arm64
		{60E0FD98-5396-436D-BAB7-187A853A5DC6}.Release|x64.ActiveCfg = Release|x64
		{60E0FD98-5396-436D-BAB7-187A853A5DC6}.Release|x64.Build.0 = Release|x64
		{60E0FD98-5396-436D-BAB7-187A853A5DC6}.Release|x64.Deploy.0 = Release|x64
		{60E0FD98-5396-436D-BAB7-187A853A5DC6}.Release|x86.ActiveCfg = Release|x86
		{60E0FD98-5396-436D-BAB7-187A853A5DC6}.Release|x86.Build.0 = Release|x86
		{60E0FD98-5396-436D-BAB7-187A853A5DC6}.Release|x86.Deploy.0 = Release|x86
		{8BE0016E-5BBD-459E-A382-B1CE56E7CA5D}.Debug|Any CPU.ActiveCfg = Debug|x64
		{8BE0016E-5BBD-459E-A382-B1CE56E7CA5D}.Debug|Any CPU.Build.0 = Debug|x64
		{8BE0016E-5BBD-459E-A382-B1CE56E7CA5D}.Debug|arm64.ActiveCfg = Debug|arm64
		{8BE0016E-5BBD-459E-A382-B1CE56E7CA5D}.Debug|arm64.Build.0 = Debug|arm64
		{8BE0016E-5BBD-459E-A382-B1CE56E7CA5D}.Debug|x64.ActiveCfg = Debug|x64
		{8BE0016E-5BBD-459E-A382-B1CE56E7CA5D}.Debug|x64.Build.0 = Debug|x64
		{8BE0016E-5BBD-459E-A382-B1CE56E7CA5D}.Debug|x86.ActiveCfg = Debug|x86
		{8BE0016E-5BBD-459E-A382-B1CE56E7CA5D}.Debug|x86.Build.0 = Debug|x86
		{8BE0016E-5BBD-459E-A382-B1CE56E7CA5D}.Release|Any CPU.ActiveCfg = Release|x64
		{8BE0016E-5BBD-459E-A382-B1CE56E7CA5D}.Release|Any CPU.Build.0 = Release|x64
		{8BE0016E-5BBD-459E-A382-B1CE56E7CA5D}.Release|arm64.ActiveCfg = Release|arm64
		{8BE0016E-5BBD-459E-A382-B1CE56E7CA5D}.Release|arm64.Build.0 = Release|arm64
		{8BE0016E-5BBD-459E-A382-B1CE56E7CA5D}.Release|x64.ActiveCfg = Release|x64
		{8BE0016E-5BBD-459E-A382-B1CE56E7CA5D}.Release|x64.Build.0 = Release|x64
		{8BE0016E-5BBD-459E-A382-B1CE56E7CA5D}.Release|x86.ActiveCfg = Release|x86
		{8BE0016E-5BBD-459E-A382-B1CE56E7CA5D}.Release|x86.Build.0 = Release|x86
		{3B409BF0-59D5-4AA3-8927-8E11476E6CEB}.Debug|Any CPU.ActiveCfg = Debug|x64
		{3B409BF0-59D5-4AA3-8927-8E11476E6CEB}.Debug|Any CPU.Build.0 = Debug|x64
		{3B409BF0-59D5-4AA3-8927-8E11476E6CEB}.Debug|arm64.ActiveCfg = Debug|arm64
		{3B409BF0-59D5-4AA3-8927-8E11476E6CEB}.Debug|arm64.Build.0 = Debug|arm64
		{3B409BF0-59D5-4AA3-8927-8E11476E6CEB}.Debug|x64.ActiveCfg = Debug|x64
		{3B409BF0-59D5-4AA3-8927-8E11476E6CEB}.Debug|x64.Build.0 = Debug|x64
		{3B409BF0-59D5-4AA3-8927-8E11476E6CEB}.Debug|x86.ActiveCfg = Debug|x86
		{3B409BF0-59D5-4AA3-8927-8E11476E6CEB}.Debug|x86.Build.0 = Debug|x86
		{3B409BF0-59D5-4AA3-8927-8E11476E6CEB}.Release|Any CPU.ActiveCfg = Release|x64
		{3B409BF0-59D5-4AA3-8927-8E11476E6CEB}.Release|Any CPU.Build.0 = Release|x64
		{3B409BF0-59D5-4AA3-8927-8E11476E6CEB}.Release|arm64.ActiveCfg = Release|arm64
		{3B409BF0-59D5-4AA3-8927-8E11476E6CEB}.Release|arm64.Build.0 = Release|arm64
		{3B409BF0-59D5-4AA3-8927-8E11476E6CEB}.Release|x64.ActiveCfg = Release|x64
		{3B409BF0-59D5-4AA3-8927-8E11476E6CEB}.Release|x64.Build.0 = Release|x64
		{3B409BF0-59D5-4AA3-8927-8E11476E6CEB}.Release|x86.ActiveCfg = Release|x86
		{3B409BF0-59D5-4AA3-8927-8E11476E6CEB}.Release|x86.Build.0 = Release|x86
		{E9F49E1C-C15D-4B87-92CA-9003C1C31DB5}.Debug|Any CPU.ActiveCfg = Debug|x64
		{E9F49E1C-C15D-4B87-92CA-9003C1C31DB5}.Debug|Any CPU.Build.0 = Debug|x64
		{E9F49E1C-C15D-4B87-92CA-9003C1C31DB5}.Debug|arm64.ActiveCfg = Debug|arm64
		{E9F49E1C-C15D-4B87-92CA-9003C1C31DB5}.Debug|arm64.Build.0 = Debug|arm64
		{E9F49E1C-C15D-4B87-92CA-9003C1C31DB5}.Debug|x64.ActiveCfg = Debug|x64
		{E9F49E1C-C15D-4B87-92CA-9003C1C31DB5}.Debug|x64.Build.0 = Debug|x64
		{E9F49E1C-C15D-4B87-92CA-9003C1C31DB5}.Debug|x86.ActiveCfg = Debug|x86
		{E9F49E1C-C15D-4B87-92CA-9003C1C31DB5}.Debug|x86.Build.0 = Debug|x86
		{E9F49E1C-C15D-4B87-92CA-9003C1C31DB5}.Release|Any CPU.ActiveCfg = Release|x64
		{E9F49E1C-C15D-4B87-92CA-9003C1C31DB5}.Release|Any CPU.Build.0 = Release|x64
		{E9F49E1C-C15D-4B87-92CA-9003C1C31DB5}.Release|arm64.ActiveCfg = Release|arm64
		{E9F49E1C-C15D-4B87-92CA-9003C1C31DB5}.Release|arm64.Build.0 = Release|arm64
		{E9F49E1C-C15D-4B87-92CA-9003C1C31DB5}.Release|x64.ActiveCfg = Release|x64
		{E9F49E1C-C15D-4B87-92CA-9003C1C31DB5}.Release|x64.Build.0 = Release|x64
		{E9F49E1C-C15D-4B87-92CA-9003C1C31DB5}.Release|x86.ActiveCfg = Release|x86
		{E9F49E1C-C15D-4B87-92CA-9003C1C31DB5}.Release|x86.Build.0 = Release|x86
		{CD512D91-FDA6-4908-89D5-4106F090A7BE}.Debug|Any CPU.ActiveCfg = Debug|x64
		{CD512D91-FDA6-4908-89D5-4106F090A7BE}.Debug|Any CPU.Build.0 = Debug|x64
		{CD512D91-FDA6-4908-89D5-4106F090A7BE}.Debug|arm64.ActiveCfg = Debug|arm64
		{CD512D91-FDA6-4908-89D5-4106F090A7BE}.Debug|arm64.Build.0 = Debug|arm64
		{CD512D91-FDA6-4908-89D5-4106F090A7BE}.Debug|x64.ActiveCfg = Debug|x64
		{CD512D91-FDA6-4908-89D5-4106F090A7BE}.Debug|x64.Build.0 = Debug|x64
		{CD512D91-FDA6-4908-89D5-4106F090A7BE}.Debug|x86.ActiveCfg = Debug|x86
		{CD512D91-FDA6-4908-89D5-4106F090A7BE}.Debug|x86.Build.0 = Debug|x86
		{CD512D91-FDA6-4908-89D5-4106F090A7BE}.Release|Any CPU.ActiveCfg = Release|x64
		{CD512D91-FDA6-4908-89D5-4106F090A7BE}.Release|Any CPU.Build.0 = Release|x64
		{CD512D91-FDA6-4908-89D5-4106F090A7BE}.Release|arm64.ActiveCfg = Release|arm64
		{CD512D91-FDA6-4908-89D5-4106F090A7BE}.Release|arm64.Build.0 = Release|arm64
		{CD512D91-FDA6-4908-89D5-4106F090A7BE}.Release|x64.ActiveCfg = Release|x64
		{CD512D91-FDA6-4908-89D5-4106F090A7BE}.Release|x64.Build.0 = Release|x64
		{CD512D91-FDA6-4908-89D5-4106F090A7BE}.Release|x86.ActiveCfg = Release|x86
		{CD512D91-FDA6-4908-89D5-4106F090A7BE}.Release|x86.Build.0 = Release|x86
		{C45241F7-8B4A-44F2-A78B-AFB6288F55B9}.Debug|Any CPU.ActiveCfg = Debug|x64
		{C45241F7-8B4A-44F2-A78B-AFB6288F55B9}.Debug|Any CPU.Build.0 = Debug|x64
		{C45241F7-8B4A-44F2-A78B-AFB6288F55B9}.Debug|arm64.ActiveCfg = Debug|arm64
		{C45241F7-8B4A-44F2-A78B-AFB6288F55B9}.Debug|arm64.Build.0 = Debug|arm64
		{C45241F7-8B4A-44F2-A78B-AFB6288F55B9}.Debug|x64.ActiveCfg = Debug|x64
		{C45241F7-8B4A-44F2-A78B-AFB6288F55B9}.Debug|x64.Build.0 = Debug|x64
		{C45241F7-8B4A-44F2-A78B-AFB6288F55B9}.Debug|x86.ActiveCfg = Debug|x86
		{C45241F7-8B4A-44F2-A78B-AFB6288F55B9}.Debug|x86.Build.0 = Debug|x86
		{C45241F7-8B4A-44F2-A78B-AFB6288F55B9}.Release|Any CPU.ActiveCfg = Release|x64
		{C45241F7-8B4A-44F2-A78B-AFB6288F55B9}.Release|Any CPU.Build.0 = Release|x64
		{C45241F7-8B4A-44F2-A78B-AFB6288F55B9}.Release|arm64.ActiveCfg = Release|arm64
		{C45241F7-8B4A-44F2-A78B-AFB6288F55B9}.Release|arm64.Build.0 = Release|arm64
		{C45241F7-8B4A-44F2-A78B-AFB6288F55B9}.Release|x64.ActiveCfg = Release|x64
		{C45241F7-8B4A-44F2-A78B-AFB6288F55B9}.Release|x64.Build.0 = Release|x64
		{C45241F7-8B4A-44F2-A78B-AFB6288F55B9}.Release|x86.ActiveCfg = Release|x86
		{C45241F7-8B4A-44F2-A78B-AFB6288F55B9}.Release|x86.Build.0 = Release|x86
		{0901B260-1B88-4B99-A9F8-477ED0A74FBD}.Debug|Any CPU.ActiveCfg = Debug|x64
		{0901B260-1B88-4B99-A9F8-477ED0A74FBD}.Debug|Any CPU.Build.0 = Debug|x64
		{0901B260-1B88-4B99-A9F8-477ED0A74FBD}.Debug|arm64.ActiveCfg = Debug|arm64
		{0901B260-1B88-4B99-A9F8-477ED0A74FBD}.Debug|arm64.Build.0 = Debug|arm64
		{0901B260-1B88-4B99-A9F8-477ED0A74FBD}.Debug|x64.ActiveCfg = Debug|x64
		{0901B260-1B88-4B99-A9F8-477ED0A74FBD}.Debug|x64.Build.0 = Debug|x64
		{0901B260-1B88-4B99-A9F8-477ED0A74FBD}.Debug|x86.ActiveCfg = Debug|x86
		{0901B260-1B88-4B99-A9F8-477ED0A74FBD}.Debug|x86.Build.0 = Debug|x86
		{0901B260-1B88-4B99-A9F8-477ED0A74FBD}.Release|Any CPU.ActiveCfg = Release|x64
		{0901B260-1B88-4B99-A9F8-477ED0A74FBD}.Release|Any CPU.Build.0 = Release|x64
		{0901B260-1B88-4B99-A9F8-477ED0A74FBD}.Release|arm64.ActiveCfg = Release|arm64
		{0901B260-1B88-4B99-A9F8-477ED0A74FBD}.Release|arm64.Build.0 = Release|arm64
		{0901B260-1B88-4B99-A9F8-477ED0A74FBD}.Release|x64.ActiveCfg = Release|x64
		{0901B260-1B88-4B99-A9F8-477ED0A74FBD}.Release|x64.Build.0 = Release|x64
		{0901B260-1B88-4B99-A9F8-477ED0A74FBD}.Release|x86.ActiveCfg = Release|x86
		{0901B260-1B88-4B99-A9F8-477ED0A74FBD}.Release|x86.Build.0 = Release|x86
		{9A62BDDC-F33E-4EBE-B407-533263A92511}.Debug|Any CPU.ActiveCfg = Debug|x64
		{9A62BDDC-F33E-4EBE-B407-533263A92511}.Debug|Any CPU.Build.0 = Debug|x64
		{9A62BDDC-F33E-4EBE-B407-533263A92511}.Debug|arm64.ActiveCfg = Debug|arm64
		{9A62BDDC-F33E-4EBE-B407-533263A92511}.Debug|arm64.Build.0 = Debug|arm64
		{9A62BDDC-F33E-4EBE-B407-533263A92511}.Debug|x64.ActiveCfg = Debug|x64
		{9A62BDDC-F33E-4EBE-B407-533263A92511}.Debug|x64.Build.0 = Debug|x64
		{9A62BDDC-F33E-4EBE-B407-533263A92511}.Debug|x86.ActiveCfg = Debug|x86
		{9A62BDDC-F33E-4EBE-B407-533263A92511}.Debug|x86.Build.0 = Debug|x86
		{9A62BDDC-F33E-4EBE-B407-533263A92511}.Release|Any CPU.ActiveCfg = Release|x64
		{9A62BDDC-F33E-4EBE-B407-533263A92511}.Release|Any CPU.Build.0 = Release|x64
		{9A62BDDC-F33E-4EBE-B407-533263A92511}.Release|arm64.ActiveCfg = Release|arm64
		{9A62BDDC-F33E-4EBE-B407-533263A92511}.Release|arm64.Build.0 = Release|arm64
		{9A62BDDC-F33E-4EBE-B407-533263A92511}.Release|x64.ActiveCfg = Release|x64
		{9A62BDDC-F33E-4EBE-B407-533263A92511}.Release|x64.Build.0 = Release|x64
		{9A62BDDC-F33E-4EBE-B407-533263A92511}.Release|x86.ActiveCfg = Release|x86
		{9A62BDDC-F33E-4EBE-B407-533263A92511}.Release|x86.Build.0 = Release|x86
		{F65759A2-AF44-4211-9817-76E6D02F37D0}.Debug|Any CPU.ActiveCfg = Debug|x64
		{F65759A2-AF44-4211-9817-76E6D02F37D0}.Debug|Any CPU.Build.0 = Debug|x64
		{F65759A2-AF44-4211-9817-76E6D02F37D0}.Debug|arm64.ActiveCfg = Debug|arm64
		{F65759A2-AF44-4211-9817-76E6D02F37D0}.Debug|arm64.Build.0 = Debug|arm64
		{F65759A2-AF44-4211-9817-76E6D02F37D0}.Debug|x64.ActiveCfg = Debug|x64
		{F65759A2-AF44-4211-9817-76E6D02F37D0}.Debug|x64.Build.0 = Debug|x64
		{F65759A2-AF44-4211-9817-76E6D02F37D0}.Debug|x86.ActiveCfg = Debug|x86
		{F65759A2-AF44-4211-9817-76E6D02F37D0}.Debug|x86.Build.0 = Debug|x86
		{F65759A2-AF44-4211-9817-76E6D02F37D0}.Release|Any CPU.ActiveCfg = Release|x64
		{F65759A2-AF44-4211-9817-76E6D02F37D0}.Release|Any CPU.Build.0 = Release|x64
		{F65759A2-AF44-4211-9817-76E6D02F37D0}.Release|arm64.ActiveCfg = Release|arm64
		{F65759A2-AF44-4211-9817-76E6D02F37D0}.Release|arm64.Build.0 = Release|arm64
		{F65759A2-AF44-4211-9817-76E6D02F37D0}.Release|x64.ActiveCfg = Release|x64
		{F65759A2-AF44-4211-9817-76E6D02F37D0}.Release|x64.Build.0 = Release|x64
		{F65759A2-AF44-4211-9817-76E6D02F37D0}.Release|x86.ActiveCfg = Release|x86
		{F65759A2-AF44-4211-9817-76E6D02F37D0}.Release|x86.Build.0 = Release|x86
		{54082587-A435-423F-AE1B-01B906FFA7C5}.Debug|Any CPU.ActiveCfg = Debug|x64
		{54082587-A435-423F-AE1B-01B906FFA7C5}.Debug|Any CPU.Build.0 = Debug|x64
		{54082587-A435-423F-AE1B-01B906FFA7C5}.Debug|arm64.ActiveCfg = Debug|arm64
		{54082587-A435-423F-AE1B-01B906FFA7C5}.Debug|arm64.Build.0 = Debug|arm64
		{54082587-A435-423F-AE1B-01B906FFA7C5}.Debug|x64.ActiveCfg = Debug|x64
		{54082587-A435-423F-AE1B-01B906FFA7C5}.Debug|x64.Build.0 = Debug|x64
		{54082587-A435-423F-AE1B-01B906FFA7C5}.Debug|x86.ActiveCfg = Debug|x86
		{54082587-A435-423F-AE1B-01B906FFA7C5}.Debug|x86.Build.0 = Debug|x86
		{54082587-A435-423F-AE1B-01B906FFA7C5}.Release|Any CPU.ActiveCfg = Release|x64
		{54082587-A435-423F-AE1B-01B906FFA7C5}.Release|Any CPU.Build.0 = Release|x64
		{54082587-A435-423F-AE1B-01B906FFA7C5}.Release|arm64.ActiveCfg = Release|arm64
		{54082587-A435-423F-AE1B-01B906FFA7C5}.Release|arm64.Build.0 = Release|arm64
		{54082587-A435-423F-AE1B-01B906FFA7C5}.Release|x64.ActiveCfg = Release|x64
		{54082587-A435-423F-AE1B-01B906FFA7C5}.Release|x64.Build.0 = Release|x64
		{54082587-A435-423F-AE1B-01B906FFA7C5}.Release|x86.ActiveCfg = Release|x86
		{54082587-A435-423F-AE1B-01B906FFA7C5}.Release|x86.Build.0 = Release|x86
		{D2303635-3DD9-4DCA-A38A-F5306D0BB8FE}.Debug|Any CPU.ActiveCfg = Debug|x64
		{D2303635-3DD9-4DCA-A38A-F5306D0BB8FE}.Debug|Any CPU.Build.0 = Debug|x64
		{D2303635-3DD9-4DCA-A38A-F5306D0BB8FE}.Debug|arm64.ActiveCfg = Debug|arm64
		{D2303635-3DD9-4DCA-A38A-F5306D0BB8FE}.Debug|arm64.Build.0 = Debug|arm64
		{D2303635-3DD9-4DCA-A38A-F5306D0BB8FE}.Debug|x64.ActiveCfg = Debug|x64
		{D2303635-3DD9-4DCA-A38A-F5306D0BB8FE}.Debug|x64.Build.0 = Debug|x64
		{D2303635-3DD9-4DCA-A38A-F5306D0BB8FE}.Debug|x86.ActiveCfg = Debug|x86
		{D2303635-3DD9-4DCA-A38A-F5306D0BB8FE}.Debug|x86.Build.0 = Debug|x86
		{D2303635-3DD9-4DCA-A38A-F5306D0BB8FE}.Release|Any CPU.ActiveCfg = Release|x64
		{D2303635-3DD9-4DCA-A38A-F5306D0BB8FE}.Release|Any CPU.Build.0 = Release|x64
		{D2303635-3DD9-4DCA-A38A-F5306D0BB8FE}.Release|arm64.ActiveCfg = Release|arm64
		{D2303635-3DD9-4DCA-A38A-F5306D0BB8FE}.Release|arm64.Build.0 = Release|arm64
		{D2303635-3DD9-4DCA-A38A-F5306D0BB8FE}.Release|x64.ActiveCfg = Release|x64
		{D2303635-3DD9-4DCA-A38A-F5306D0BB8FE}.Release|x64.Build.0 = Release|x64
		{D2303635-3DD9-4DCA-A38A-F5306D0BB8FE}.Release|x86.ActiveCfg = Release|x86
		{D2303635-3DD9-4DCA-A38A-F5306D0BB8FE}.Release|x86.Build.0 = Release|x86
		{6254ADB1-B6FD-4D74-AF13-40C997919178}.Debug|Any CPU.ActiveCfg = Debug|x64
		{6254ADB1-B6FD-4D74-AF13-40C997919178}.Debug|Any CPU.Build.0 = Debug|x64
		{6254ADB1-B6FD-4D74-AF13-40C997919178}.Debug|arm64.ActiveCfg = Debug|arm64
		{6254ADB1-B6FD-4D74-AF13-40C997919178}.Debug|arm64.Build.0 = Debug|arm64
		{6254ADB1-B6FD-4D74-AF13-40C997919178}.Debug|x64.ActiveCfg = Debug|x64
		{6254ADB1-B6FD-4D74-AF13-40C997919178}.Debug|x64.Build.0 = Debug|x64
		{6254ADB1-B6FD-4D74-AF13-40C997919178}.Debug|x86.ActiveCfg = Debug|x86
		{6254ADB1-B6FD-4D74-AF13-40C997919178}.Debug|x86.Build.0 = Debug|x86
		{6254ADB1-B6FD-4D74-AF13-40C997919178}.Release|Any CPU.ActiveCfg = Release|x64
		{6254ADB1-B6FD-4D74-AF13-40C997919178}.Release|Any CPU.Build.0 = Release|x64
		{6254ADB1-B6FD-4D74-AF13-40C997919178}.Release|arm64.ActiveCfg = Release|arm64
		{6254ADB1-B6FD-4D74-AF13-40C997919178}.Release|arm64.Build.0 = Release|arm64
		{6254ADB1-B6FD-4D74-AF13-40C997919178}.Release|x64.ActiveCfg = Release|x64
		{6254ADB1-B6FD-4D74-AF13-40C997919178}.Release|x64.Build.0 = Release|x64
		{6254ADB1-B6FD-4D74-AF13-40C997919178}.Release|x86.ActiveCfg = Release|x86
		{6254ADB1-B6FD-4D74-AF13-40C997919178}.Release|x86.Build.0 = Release|x86
		{72CE876A-7272-4460-92EB-845A45B743FB}.Debug|Any CPU.ActiveCfg = Debug|x64
		{72CE876A-7272-4460-92EB-845A45B743FB}.Debug|Any CPU.Build.0 = Debug|x64
		{72CE876A-7272-4460-92EB-845A45B743FB}.Debug|arm64.ActiveCfg = Debug|arm64
		{72CE876A-7272-4460-92EB-845A45B743FB}.Debug|arm64.Build.0 = Debug|arm64
		{72CE876A-7272-4460-92EB-845A45B743FB}.Debug|x64.ActiveCfg = Debug|x64
		{72CE876A-7272-4460-92EB-845A45B743FB}.Debug|x64.Build.0 = Debug|x64
		{72CE876A-7272-4460-92EB-845A45B743FB}.Debug|x86.ActiveCfg = Debug|x86
		{72CE876A-7272-4460-92EB-845A45B743FB}.Debug|x86.Build.0 = Debug|x86
		{72CE876A-7272-4460-92EB-845A45B743FB}.Release|Any CPU.ActiveCfg = Release|x64
		{72CE876A-7272-4460-92EB-845A45B743FB}.Release|Any CPU.Build.0 = Release|x64
		{72CE876A-7272-4460-92EB-845A45B743FB}.Release|arm64.ActiveCfg = Release|arm64
		{72CE876A-7272-4460-92EB-845A45B743FB}.Release|arm64.Build.0 = Release|arm64
		{72CE876A-7272-4460-92EB-845A45B743FB}.Release|x64.ActiveCfg = Release|x64
		{72CE876A-7272-4460-92EB-845A45B743FB}.Release|x64.Build.0 = Release|x64
		{72CE876A-7272-4460-92EB-845A45B743FB}.Release|x86.ActiveCfg = Release|x86
		{72CE876A-7272-4460-92EB-845A45B743FB}.Release|x86.Build.0 = Release|x86
		{940FD524-1AC0-4BBA-BBBE-1E4F2E797508}.Debug|Any CPU.ActiveCfg = Debug|x64
		{940FD524-1AC0-4BBA-BBBE-1E4F2E797508}.Debug|Any CPU.Build.0 = Debug|x64
		{940FD524-1AC0-4BBA-BBBE-1E4F2E797508}.Debug|arm64.ActiveCfg = Debug|ARM64
		{940FD524-1AC0-4BBA-BBBE-1E4F2E797508}.Debug|arm64.Build.0 = Debug|ARM64
		{940FD524-1AC0-4BBA-BBBE-1E4F2E797508}.Debug|x64.ActiveCfg = Debug|x64
		{940FD524-1AC0-4BBA-BBBE-1E4F2E797508}.Debug|x64.Build.0 = Debug|x64
		{940FD524-1AC0-4BBA-BBBE-1E4F2E797508}.Debug|x86.ActiveCfg = Debug|x86
		{940FD524-1AC0-4BBA-BBBE-1E4F2E797508}.Debug|x86.Build.0 = Debug|x86
		{940FD524-1AC0-4BBA-BBBE-1E4F2E797508}.Release|Any CPU.ActiveCfg = Release|x64
		{940FD524-1AC0-4BBA-BBBE-1E4F2E797508}.Release|Any CPU.Build.0 = Release|x64
		{940FD524-1AC0-4BBA-BBBE-1E4F2E797508}.Release|arm64.ActiveCfg = Release|ARM64
		{940FD524-1AC0-4BBA-BBBE-1E4F2E797508}.Release|arm64.Build.0 = Release|ARM64
		{940FD524-1AC0-4BBA-BBBE-1E4F2E797508}.Release|x64.ActiveCfg = Release|x64
		{940FD524-1AC0-4BBA-BBBE-1E4F2E797508}.Release|x64.Build.0 = Release|x64
		{940FD524-1AC0-4BBA-BBBE-1E4F2E797508}.Release|x86.ActiveCfg = Release|x86
		{940FD524-1AC0-4BBA-BBBE-1E4F2E797508}.Release|x86.Build.0 = Release|x86
		{A7E5FD7B-B41A-4CAE-A45A-E686DFA8ACF1}.Debug|Any CPU.ActiveCfg = Debug|x64
		{A7E5FD7B-B41A-4CAE-A45A-E686DFA8ACF1}.Debug|Any CPU.Build.0 = Debug|x64
		{A7E5FD7B-B41A-4CAE-A45A-E686DFA8ACF1}.Debug|arm64.ActiveCfg = Debug|ARM64
		{A7E5FD7B-B41A-4CAE-A45A-E686DFA8ACF1}.Debug|arm64.Build.0 = Debug|ARM64
		{A7E5FD7B-B41A-4CAE-A45A-E686DFA8ACF1}.Debug|x64.ActiveCfg = Debug|x64
		{A7E5FD7B-B41A-4CAE-A45A-E686DFA8ACF1}.Debug|x64.Build.0 = Debug|x64
		{A7E5FD7B-B41A-4CAE-A45A-E686DFA8ACF1}.Debug|x86.ActiveCfg = Debug|x86
		{A7E5FD7B-B41A-4CAE-A45A-E686DFA8ACF1}.Debug|x86.Build.0 = Debug|x86
		{A7E5FD7B-B41A-4CAE-A45A-E686DFA8ACF1}.Release|Any CPU.ActiveCfg = Release|x64
		{A7E5FD7B-B41A-4CAE-A45A-E686DFA8ACF1}.Release|Any CPU.Build.0 = Release|x64
		{A7E5FD7B-B41A-4CAE-A45A-E686DFA8ACF1}.Release|arm64.ActiveCfg = Release|ARM64
		{A7E5FD7B-B41A-4CAE-A45A-E686DFA8ACF1}.Release|arm64.Build.0 = Release|ARM64
		{A7E5FD7B-B41A-4CAE-A45A-E686DFA8ACF1}.Release|x64.ActiveCfg = Release|x64
		{A7E5FD7B-B41A-4CAE-A45A-E686DFA8ACF1}.Release|x64.Build.0 = Release|x64
		{A7E5FD7B-B41A-4CAE-A45A-E686DFA8ACF1}.Release|x86.ActiveCfg = Release|x86
		{A7E5FD7B-B41A-4CAE-A45A-E686DFA8ACF1}.Release|x86.Build.0 = Release|x86
		{053AF75C-5CD8-497F-BA25-47435BD86047}.Debug|Any CPU.ActiveCfg = Debug|x64
		{053AF75C-5CD8-497F-BA25-47435BD86047}.Debug|Any CPU.Build.0 = Debug|x64
		{053AF75C-5CD8-497F-BA25-47435BD86047}.Debug|arm64.ActiveCfg = Debug|ARM64
		{053AF75C-5CD8-497F-BA25-47435BD86047}.Debug|arm64.Build.0 = Debug|ARM64
		{053AF75C-5CD8-497F-BA25-47435BD86047}.Debug|x64.ActiveCfg = Debug|x64
		{053AF75C-5CD8-497F-BA25-47435BD86047}.Debug|x64.Build.0 = Debug|x64
		{053AF75C-5CD8-497F-BA25-47435BD86047}.Debug|x86.ActiveCfg = Debug|x86
		{053AF75C-5CD8-497F-BA25-47435BD86047}.Debug|x86.Build.0 = Debug|x86
		{053AF75C-5CD8-497F-BA25-47435BD86047}.Release|Any CPU.ActiveCfg = Release|x64
		{053AF75C-5CD8-497F-BA25-47435BD86047}.Release|Any CPU.Build.0 = Release|x64
		{053AF75C-5CD8-497F-BA25-47435BD86047}.Release|arm64.ActiveCfg = Release|ARM64
		{053AF75C-5CD8-497F-BA25-47435BD86047}.Release|arm64.Build.0 = Release|ARM64
		{053AF75C-5CD8-497F-BA25-47435BD86047}.Release|x64.ActiveCfg = Release|x64
		{053AF75C-5CD8-497F-BA25-47435BD86047}.Release|x64.Build.0 = Release|x64
		{053AF75C-5CD8-497F-BA25-47435BD86047}.Release|x86.ActiveCfg = Release|x86
		{053AF75C-5CD8-497F-BA25-47435BD86047}.Release|x86.Build.0 = Release|x86
		{0D879E08-99AA-4019-9D04-DEA9F7C7BFC1}.Debug|Any CPU.ActiveCfg = Debug|x64
		{0D879E08-99AA-4019-9D04-DEA9F7C7BFC1}.Debug|Any CPU.Build.0 = Debug|x64
		{0D879E08-99AA-4019-9D04-DEA9F7C7BFC1}.Debug|arm64.ActiveCfg = Debug|ARM64
		{0D879E08-99AA-4019-9D04-DEA9F7C7BFC1}.Debug|arm64.Build.0 = Debug|ARM64
		{0D879E08-99AA-4019-9D04-DEA9F7C7BFC1}.Debug|x64.ActiveCfg = Debug|x64
		{0D879E08-99AA-4019-9D04-DEA9F7C7BFC1}.Debug|x64.Build.0 = Debug|x64
		{0D879E08-99AA-4019-9D04-DEA9F7C7BFC1}.Debug|x86.ActiveCfg = Debug|x86
		{0D879E08-99AA-4019-9D04-DEA9F7C7BFC1}.Debug|x86.Build.0 = Debug|x86
		{0D879E08-99AA-4019-9D04-DEA9F7C7BFC1}.Release|Any CPU.ActiveCfg = Release|x64
		{0D879E08-99AA-4019-9D04-DEA9F7C7BFC1}.Release|Any CPU.Build.0 = Release|x64
		{0D879E08-99AA-4019-9D04-DEA9F7C7BFC1}.Release|arm64.ActiveCfg = Release|ARM64
		{0D879E08-99AA-4019-9D04-DEA9F7C7BFC1}.Release|arm64.Build.0 = Release|ARM64
		{0D879E08-99AA-4019-9D04-DEA9F7C7BFC1}.Release|x64.ActiveCfg = Release|x64
		{0D879E08-99AA-4019-9D04-DEA9F7C7BFC1}.Release|x64.Build.0 = Release|x64
		{0D879E08-99AA-4019-9D04-DEA9F7C7BFC1}.Release|x86.ActiveCfg = Release|x86
		{0D879E08-99AA-4019-9D04-DEA9F7C7BFC1}.Release|x86.Build.0 = Release|x86
		{69F8B7DF-F52B-4B74-9A16-AB3241BB8912}.Debug|Any CPU.ActiveCfg = Debug|x64
		{69F8B7DF-F52B-4B74-9A16-AB3241BB8912}.Debug|Any CPU.Build.0 = Debug|x64
		{69F8B7DF-F52B-4B74-9A16-AB3241BB8912}.Debug|arm64.ActiveCfg = Debug|arm64
		{69F8B7DF-F52B-4B74-9A16-AB3241BB8912}.Debug|arm64.Build.0 = Debug|arm64
		{69F8B7DF-F52B-4B74-9A16-AB3241BB8912}.Debug|x64.ActiveCfg = Debug|x64
		{69F8B7DF-F52B-4B74-9A16-AB3241BB8912}.Debug|x64.Build.0 = Debug|x64
		{69F8B7DF-F52B-4B74-9A16-AB3241BB8912}.Debug|x86.ActiveCfg = Debug|x86
		{69F8B7DF-F52B-4B74-9A16-AB3241BB8912}.Debug|x86.Build.0 = Debug|x86
		{69F8B7DF-F52B-4B74-9A16-AB3241BB8912}.Release|Any CPU.ActiveCfg = Release|x64
		{69F8B7DF-F52B-4B74-9A16-AB3241BB8912}.Release|Any CPU.Build.0 = Release|x64
		{69F8B7DF-F52B-4B74-9A16-AB3241BB8912}.Release|arm64.ActiveCfg = Release|arm64
		{69F8B7DF-F52B-4B74-9A16-AB3241BB8912}.Release|arm64.Build.0 = Release|arm64
		{69F8B7DF-F52B-4B74-9A16-AB3241BB8912}.Release|x64.ActiveCfg = Release|x64
		{69F8B7DF-F52B-4B74-9A16-AB3241BB8912}.Release|x64.Build.0 = Release|x64
		{69F8B7DF-F52B-4B74-9A16-AB3241BB8912}.Release|x86.ActiveCfg = Release|x86
		{69F8B7DF-F52B-4B74-9A16-AB3241BB8912}.Release|x86.Build.0 = Release|x86
		{2F9AD5AF-EF3B-496A-8566-9E9539E3DF43}.Debug|Any CPU.ActiveCfg = Debug|x64
		{2F9AD5AF-EF3B-496A-8566-9E9539E3DF43}.Debug|Any CPU.Build.0 = Debug|x64
		{2F9AD5AF-EF3B-496A-8566-9E9539E3DF43}.Debug|arm64.ActiveCfg = Debug|arm64
		{2F9AD5AF-EF3B-496A-8566-9E9539E3DF43}.Debug|arm64.Build.0 = Debug|arm64
		{2F9AD5AF-EF3B-496A-8566-9E9539E3DF43}.Debug|x64.ActiveCfg = Debug|x64
		{2F9AD5AF-EF3B-496A-8566-9E9539E3DF43}.Debug|x64.Build.0 = Debug|x64
		{2F9AD5AF-EF3B-496A-8566-9E9539E3DF43}.Debug|x86.ActiveCfg = Debug|x86
		{2F9AD5AF-EF3B-496A-8566-9E9539E3DF43}.Debug|x86.Build.0 = Debug|x86
		{2F9AD5AF-EF3B-496A-8566-9E9539E3DF43}.Release|Any CPU.ActiveCfg = Release|x64
		{2F9AD5AF-EF3B-496A-8566-9E9539E3DF43}.Release|Any CPU.Build.0 = Release|x64
		{2F9AD5AF-EF3B-496A-8566-9E9539E3DF43}.Release|arm64.ActiveCfg = Release|arm64
		{2F9AD5AF-EF3B-496A-8566-9E9539E3DF43}.Release|arm64.Build.0 = Release|arm64
		{2F9AD5AF-EF3B-496A-8566-9E9539E3DF43}.Release|x64.ActiveCfg = Release|x64
		{2F9AD5AF-EF3B-496A-8566-9E9539E3DF43}.Release|x64.Build.0 = Release|x64
		{2F9AD5AF-EF3B-496A-8566-9E9539E3DF43}.Release|x86.ActiveCfg = Release|x86
		{2F9AD5AF-EF3B-496A-8566-9E9539E3DF43}.Release|x86.Build.0 = Release|x86
		{75945141-03AC-4C40-A586-16D463A0AC1B}.Debug|Any CPU.ActiveCfg = Debug|x64
		{75945141-03AC-4C40-A586-16D463A0AC1B}.Debug|Any CPU.Build.0 = Debug|x64
		{75945141-03AC-4C40-A586-16D463A0AC1B}.Debug|arm64.ActiveCfg = Debug|ARM64
		{75945141-03AC-4C40-A586-16D463A0AC1B}.Debug|arm64.Build.0 = Debug|ARM64
		{75945141-03AC-4C40-A586-16D463A0AC1B}.Debug|x64.ActiveCfg = Debug|x64
		{75945141-03AC-4C40-A586-16D463A0AC1B}.Debug|x64.Build.0 = Debug|x64
		{75945141-03AC-4C40-A586-16D463A0AC1B}.Debug|x86.ActiveCfg = Debug|Win32
		{75945141-03AC-4C40-A586-16D463A0AC1B}.Debug|x86.Build.0 = Debug|Win32
		{75945141-03AC-4C40-A586-16D463A0AC1B}.Release|Any CPU.ActiveCfg = Release|x64
		{75945141-03AC-4C40-A586-16D463A0AC1B}.Release|Any CPU.Build.0 = Release|x64
		{75945141-03AC-4C40-A586-16D463A0AC1B}.Release|arm64.ActiveCfg = Release|ARM64
		{75945141-03AC-4C40-A586-16D463A0AC1B}.Release|arm64.Build.0 = Release|ARM64
		{75945141-03AC-4C40-A586-16D463A0AC1B}.Release|x64.ActiveCfg = Release|x64
		{75945141-03AC-4C40-A586-16D463A0AC1B}.Release|x64.Build.0 = Release|x64
		{75945141-03AC-4C40-A586-16D463A0AC1B}.Release|x86.ActiveCfg = Release|Win32
		{75945141-03AC-4C40-A586-16D463A0AC1B}.Release|x86.Build.0 = Release|Win32
		{092AC740-DA01-4872-8E93-B9557DAD6BE5}.Debug|Any CPU.ActiveCfg = Debug|x64
		{092AC740-DA01-4872-8E93-B9557DAD6BE5}.Debug|Any CPU.Build.0 = Debug|x64
		{092AC740-DA01-4872-8E93-B9557DAD6BE5}.Debug|arm64.ActiveCfg = Debug|ARM64
		{092AC740-DA01-4872-8E93-B9557DAD6BE5}.Debug|arm64.Build.0 = Debug|ARM64
		{092AC740-DA01-4872-8E93-B9557DAD6BE5}.Debug|x64.ActiveCfg = Debug|x64
		{092AC740-DA01-4872-8E93-B9557DAD6BE5}.Debug|x64.Build.0 = Debug|x64
		{092AC740-DA01-4872-8E93-B9557DAD6BE5}.Debug|x86.ActiveCfg = Debug|x86
		{092AC740-DA01-4872-8E93-B9557DAD6BE5}.Debug|x86.Build.0 = Debug|x86
		{092AC740-DA01-4872-8E93-B9557DAD6BE5}.Release|Any CPU.ActiveCfg = Release|x64
		{092AC740-DA01-4872-8E93-B9557DAD6BE5}.Release|Any CPU.Build.0 = Release|x64
		{092AC740-DA01-4872-8E93-B9557DAD6BE5}.Release|arm64.ActiveCfg = Release|ARM64
		{092AC740-DA01-4872-8E93-B9557DAD6BE5}.Release|arm64.Build.0 = Release|ARM64
		{092AC740-DA01-4872-8E93-B9557DAD6BE5}.Release|x64.ActiveCfg = Release|x64
		{092AC740-DA01-4872-8E93-B9557DAD6BE5}.Release|x64.Build.0 = Release|x64
		{092AC740-DA01-4872-8E93-B9557DAD6BE5}.Release|x86.ActiveCfg = Release|x86
		{092AC740-DA01-4872-8E93-B9557DAD6BE5}.Release|x86.Build.0 = Release|x86
		{80805B43-CE75-4C6E-92F8-F385C1039E53}.Debug|Any CPU.ActiveCfg = Debug|x64
		{80805B43-CE75-4C6E-92F8-F385C1039E53}.Debug|Any CPU.Build.0 = Debug|x64
		{80805B43-CE75-4C6E-92F8-F385C1039E53}.Debug|arm64.ActiveCfg = Debug|ARM64
		{80805B43-CE75-4C6E-92F8-F385C1039E53}.Debug|arm64.Build.0 = Debug|ARM64
		{80805B43-CE75-4C6E-92F8-F385C1039E53}.Debug|x64.ActiveCfg = Debug|x64
		{80805B43-CE75-4C6E-92F8-F385C1039E53}.Debug|x64.Build.0 = Debug|x64
		{80805B43-CE75-4C6E-92F8-F385C1039E53}.Debug|x86.ActiveCfg = Debug|Win32
		{80805B43-CE75-4C6E-92F8-F385C1039E53}.Debug|x86.Build.0 = Debug|Win32
		{80805B43-CE75-4C6E-92F8-F385C1039E53}.Release|Any CPU.ActiveCfg = Release|x64
		{80805B43-CE75-4C6E-92F8-F385C1039E53}.Release|Any CPU.Build.0 = Release|x64
		{80805B43-CE75-4C6E-92F8-F385C1039E53}.Release|arm64.ActiveCfg = Release|ARM64
		{80805B43-CE75-4C6E-92F8-F385C1039E53}.Release|arm64.Build.0 = Release|ARM64
		{80805B43-CE75-4C6E-92F8-F385C1039E53}.Release|x64.ActiveCfg = Release|x64
		{80805B43-CE75-4C6E-92F8-F385C1039E53}.Release|x64.Build.0 = Release|x64
		{80805B43-CE75-4C6E-92F8-F385C1039E53}.Release|x86.ActiveCfg = Release|Win32
		{80805B43-CE75-4C6E-92F8-F385C1039E53}.Release|x86.Build.0 = Release|Win32
		{4B370E2F-FB1D-4887-90BF-3B72517485CE}.Debug|Any CPU.ActiveCfg = Debug|x64
		{4B370E2F-FB1D-4887-90BF-3B72517485CE}.Debug|Any CPU.Build.0 = Debug|x64
		{4B370E2F-FB1D-4887-90BF-3B72517485CE}.Debug|arm64.ActiveCfg = Debug|ARM64
		{4B370E2F-FB1D-4887-90BF-3B72517485CE}.Debug|arm64.Build.0 = Debug|ARM64
		{4B370E2F-FB1D-4887-90BF-3B72517485CE}.Debug|x64.ActiveCfg = Debug|x64
		{4B370E2F-FB1D-4887-90BF-3B72517485CE}.Debug|x64.Build.0 = Debug|x64
		{4B370E2F-FB1D-4887-90BF-3B72517485CE}.Debug|x86.ActiveCfg = Debug|Win32
		{4B370E2F-FB1D-4887-90BF-3B72517485CE}.Debug|x86.Build.0 = Debug|Win32
		{4B370E2F-FB1D-4887-90BF-3B72517485CE}.Release|Any CPU.ActiveCfg = Release|x64
		{4B370E2F-FB1D-4887-90BF-3B72517485CE}.Release|Any CPU.Build.0 = Release|x64
		{4B370E2F-FB1D-4887-90BF-3B72517485CE}.Release|arm64.ActiveCfg = Release|ARM64
		{4B370E2F-FB1D-4887-90BF-3B72517485CE}.Release|arm64.Build.0 = Release|ARM64
		{4B370E2F-FB1D-4887-90BF-3B72517485CE}.Release|x64.ActiveCfg = Release|x64
		{4B370E2F-FB1D-4887-90BF-3B72517485CE}.Release|x64.Build.0 = Release|x64
		{4B370E2F-FB1D-4887-90BF-3B72517485CE}.Release|x86.ActiveCfg = Release|Win32
		{4B370E2F-FB1D-4887-90BF-3B72517485CE}.Release|x86.Build.0 = Release|Win32
		{1477F3EA-A9F6-4B4F-82F4-C2427F57EBEE}.Debug|Any CPU.ActiveCfg = Debug|x64
		{1477F3EA-A9F6-4B4F-82F4-C2427F57EBEE}.Debug|Any CPU.Build.0 = Debug|x64
		{1477F3EA-A9F6-4B4F-82F4-C2427F57EBEE}.Debug|arm64.ActiveCfg = Debug|arm64
		{1477F3EA-A9F6-4B4F-82F4-C2427F57EBEE}.Debug|arm64.Build.0 = Debug|arm64
		{1477F3EA-A9F6-4B4F-82F4-C2427F57EBEE}.Debug|x64.ActiveCfg = Debug|x64
		{1477F3EA-A9F6-4B4F-82F4-C2427F57EBEE}.Debug|x64.Build.0 = Debug|x64
		{1477F3EA-A9F6-4B4F-82F4-C2427F57EBEE}.Debug|x86.ActiveCfg = Debug|x86
		{1477F3EA-A9F6-4B4F-82F4-C2427F57EBEE}.Debug|x86.Build.0 = Debug|x86
		{1477F3EA-A9F6-4B4F-82F4-C2427F57EBEE}.Release|Any CPU.ActiveCfg = Release|x64
		{1477F3EA-A9F6-4B4F-82F4-C2427F57EBEE}.Release|Any CPU.Build.0 = Release|x64
		{1477F3EA-A9F6-4B4F-82F4-C2427F57EBEE}.Release|arm64.ActiveCfg = Release|arm64
		{1477F3EA-A9F6-4B4F-82F4-C2427F57EBEE}.Release|arm64.Build.0 = Release|arm64
		{1477F3EA-A9F6-4B4F-82F4-C2427F57EBEE}.Release|x64.ActiveCfg = Release|x64
		{1477F3EA-A9F6-4B4F-82F4-C2427F57EBEE}.Release|x64.Build.0 = Release|x64
		{1477F3EA-A9F6-4B4F-82F4-C2427F57EBEE}.Release|x86.ActiveCfg = Release|x86
		{1477F3EA-A9F6-4B4F-82F4-C2427F57EBEE}.Release|x86.Build.0 = Release|x86
		{CFD8A90D-8B6D-4ED6-BA35-FF894BEB46C0}.Debug|Any CPU.ActiveCfg = Debug|x64
		{CFD8A90D-8B6D-4ED6-BA35-FF894BEB46C0}.Debug|Any CPU.Build.0 = Debug|x64
		{CFD8A90D-8B6D-4ED6-BA35-FF894BEB46C0}.Debug|arm64.ActiveCfg = Debug|ARM64
		{CFD8A90D-8B6D-4ED6-BA35-FF894BEB46C0}.Debug|arm64.Build.0 = Debug|ARM64
		{CFD8A90D-8B6D-4ED6-BA35-FF894BEB46C0}.Debug|x64.ActiveCfg = Debug|x64
		{CFD8A90D-8B6D-4ED6-BA35-FF894BEB46C0}.Debug|x64.Build.0 = Debug|x64
		{CFD8A90D-8B6D-4ED6-BA35-FF894BEB46C0}.Debug|x86.ActiveCfg = Debug|x86
		{CFD8A90D-8B6D-4ED6-BA35-FF894BEB46C0}.Debug|x86.Build.0 = Debug|x86
		{CFD8A90D-8B6D-4ED6-BA35-FF894BEB46C0}.Release|Any CPU.ActiveCfg = Release|x64
		{CFD8A90D-8B6D-4ED6-BA35-FF894BEB46C0}.Release|Any CPU.Build.0 = Release|x64
		{CFD8A90D-8B6D-4ED6-BA35-FF894BEB46C0}.Release|arm64.ActiveCfg = Release|ARM64
		{CFD8A90D-8B6D-4ED6-BA35-FF894BEB46C0}.Release|arm64.Build.0 = Release|ARM64
		{CFD8A90D-8B6D-4ED6-BA35-FF894BEB46C0}.Release|x64.ActiveCfg = Release|x64
		{CFD8A90D-8B6D-4ED6-BA35-FF894BEB46C0}.Release|x64.Build.0 = Release|x64
		{CFD8A90D-8B6D-4ED6-BA35-FF894BEB46C0}.Release|x86.ActiveCfg = Release|x86
		{CFD8A90D-8B6D-4ED6-BA35-FF894BEB46C0}.Release|x86.Build.0 = Release|x86
		{0689521A-1686-46DB-81E1-3B84AA0EF1AC}.Debug|Any CPU.ActiveCfg = Debug|x64
		{0689521A-1686-46DB-81E1-3B84AA0EF1AC}.Debug|Any CPU.Build.0 = Debug|x64
		{0689521A-1686-46DB-81E1-3B84AA0EF1AC}.Debug|arm64.ActiveCfg = Debug|ARM64
		{0689521A-1686-46DB-81E1-3B84AA0EF1AC}.Debug|arm64.Build.0 = Debug|ARM64
		{0689521A-1686-46DB-81E1-3B84AA0EF1AC}.Debug|x64.ActiveCfg = Debug|x64
		{0689521A-1686-46DB-81E1-3B84AA0EF1AC}.Debug|x64.Build.0 = Debug|x64
		{0689521A-1686-46DB-81E1-3B84AA0EF1AC}.Debug|x86.ActiveCfg = Debug|x86
		{0689521A-1686-46DB-81E1-3B84AA0EF1AC}.Debug|x86.Build.0 = Debug|x86
		{0689521A-1686-46DB-81E1-3B84AA0EF1AC}.Release|Any CPU.ActiveCfg = Release|x64
		{0689521A-1686-46DB-81E1-3B84AA0EF1AC}.Release|Any CPU.Build.0 = Release|x64
		{0689521A-1686-46DB-81E1-3B84AA0EF1AC}.Release|arm64.ActiveCfg = Release|ARM64
		{0689521A-1686-46DB-81E1-3B84AA0EF1AC}.Release|arm64.Build.0 = Release|ARM64
		{0689521A-1686-46DB-81E1-3B84AA0EF1AC}.Release|x64.ActiveCfg = Release|x64
		{0689521A-1686-46DB-81E1-3B84AA0EF1AC}.Release|x64.Build.0 = Release|x64
		{0689521A-1686-46DB-81E1-3B84AA0EF1AC}.Release|x86.ActiveCfg = Release|x86
		{0689521A-1686-46DB-81E1-3B84AA0EF1AC}.Release|x86.Build.0 = Release|x86
		{A716481F-C1AF-4243-84F9-7B9399055E51}.Debug|Any CPU.ActiveCfg = Debug|x64
		{A716481F-C1AF-4243-84F9-7B9399055E51}.Debug|Any CPU.Build.0 = Debug|x64
		{A716481F-C1AF-4243-84F9-7B9399055E51}.Debug|arm64.ActiveCfg = Debug|arm64
		{A716481F-C1AF-4243-84F9-7B9399055E51}.Debug|arm64.Build.0 = Debug|arm64
		{A716481F-C1AF-4243-84F9-7B9399055E51}.Debug|x64.ActiveCfg = Debug|x64
		{A716481F-C1AF-4243-84F9-7B9399055E51}.Debug|x64.Build.0 = Debug|x64
		{A716481F-C1AF-4243-84F9-7B9399055E51}.Debug|x86.ActiveCfg = Debug|x86
		{A716481F-C1AF-4243-84F9-7B9399055E51}.Debug|x86.Build.0 = Debug|x86
		{A716481F-C1AF-4243-84F9-7B9399055E51}.Release|Any CPU.ActiveCfg = Release|x64
		{A716481F-C1AF-4243-84F9-7B9399055E51}.Release|Any CPU.Build.0 = Release|x64
		{A716481F-C1AF-4243-84F9-7B9399055E51}.Release|arm64.ActiveCfg = Release|arm64
		{A716481F-C1AF-4243-84F9-7B9399055E51}.Release|arm64.Build.0 = Release|arm64
		{A716481F-C1AF-4243-84F9-7B9399055E51}.Release|x64.ActiveCfg = Release|x64
		{A716481F-C1AF-4243-84F9-7B9399055E51}.Release|x64.Build.0 = Release|x64
		{A716481F-C1AF-4243-84F9-7B9399055E51}.Release|x86.ActiveCfg = Release|x86
		{A716481F-C1AF-4243-84F9-7B9399055E51}.Release|x86.Build.0 = Release|x86
		{75976510-22B7-4910-96F2-3E1519C3FF35}.Debug|Any CPU.ActiveCfg = Debug|x64
		{75976510-22B7-4910-96F2-3E1519C3FF35}.Debug|Any CPU.Build.0 = Debug|x64
		{75976510-22B7-4910-96F2-3E1519C3FF35}.Debug|arm64.ActiveCfg = Debug|ARM64
		{75976510-22B7-4910-96F2-3E1519C3FF35}.Debug|arm64.Build.0 = Debug|ARM64
		{75976510-22B7-4910-96F2-3E1519C3FF35}.Debug|x64.ActiveCfg = Debug|x64
		{75976510-22B7-4910-96F2-3E1519C3FF35}.Debug|x64.Build.0 = Debug|x64
		{75976510-22B7-4910-96F2-3E1519C3FF35}.Debug|x86.ActiveCfg = Debug|x86
		{75976510-22B7-4910-96F2-3E1519C3FF35}.Debug|x86.Build.0 = Debug|x86
		{75976510-22B7-4910-96F2-3E1519C3FF35}.Release|Any CPU.ActiveCfg = Release|x64
		{75976510-22B7-4910-96F2-3E1519C3FF35}.Release|Any CPU.Build.0 = Release|x64
		{75976510-22B7-4910-96F2-3E1519C3FF35}.Release|arm64.ActiveCfg = Release|ARM64
		{75976510-22B7-4910-96F2-3E1519C3FF35}.Release|arm64.Build.0 = Release|ARM64
		{75976510-22B7-4910-96F2-3E1519C3FF35}.Release|x64.ActiveCfg = Release|x64
		{75976510-22B7-4910-96F2-3E1519C3FF35}.Release|x64.Build.0 = Release|x64
		{75976510-22B7-4910-96F2-3E1519C3FF35}.Release|x86.ActiveCfg = Release|x86
		{75976510-22B7-4910-96F2-3E1519C3FF35}.Release|x86.Build.0 = Release|x86
		{D92BC45D-6D1B-4DE3-9303-4B3ED1971192}.Debug|Any CPU.ActiveCfg = Debug|x64
		{D92BC45D-6D1B-4DE3-9303-4B3ED1971192}.Debug|Any CPU.Build.0 = Debug|x64
		{D92BC45D-6D1B-4DE3-9303-4B3ED1971192}.Debug|arm64.ActiveCfg = Debug|arm64
		{D92BC45D-6D1B-4DE3-9303-4B3ED1971192}.Debug|arm64.Build.0 = Debug|arm64
		{D92BC45D-6D1B-4DE3-9303-4B3ED1971192}.Debug|x64.ActiveCfg = Debug|x64
		{D92BC45D-6D1B-4DE3-9303-4B3ED1971192}.Debug|x64.Build.0 = Debug|x64
		{D92BC45D-6D1B-4DE3-9303-4B3ED1971192}.Debug|x86.ActiveCfg = Debug|x86
		{D92BC45D-6D1B-4DE3-9303-4B3ED1971192}.Debug|x86.Build.0 = Debug|x86
		{D92BC45D-6D1B-4DE3-9303-4B3ED1971192}.Release|Any CPU.ActiveCfg = Release|x64
		{D92BC45D-6D1B-4DE3-9303-4B3ED1971192}.Release|Any CPU.Build.0 = Release|x64
		{D92BC45D-6D1B-4DE3-9303-4B3ED1971192}.Release|arm64.ActiveCfg = Release|arm64
		{D92BC45D-6D1B-4DE3-9303-4B3ED1971192}.Release|arm64.Build.0 = Release|arm64
		{D92BC45D-6D1B-4DE3-9303-4B3ED1971192}.Release|x64.ActiveCfg = Release|x64
		{D92BC45D-6D1B-4DE3-9303-4B3ED1971192}.Release|x64.Build.0 = Release|x64
		{D92BC45D-6D1B-4DE3-9303-4B3ED1971192}.Release|x86.ActiveCfg = Release|x86
		{D92BC45D-6D1B-4DE3-9303-4B3ED1971192}.Release|x86.Build.0 = Release|x86
		{D8256951-EB23-45AA-8A0B-4573DF8E26F2}.Debug|Any CPU.ActiveCfg = Debug|x64
		{D8256951-EB23-45AA-8A0B-4573DF8E26F2}.Debug|Any CPU.Build.0 = Debug|x64
		{D8256951-EB23-45AA-8A0B-4573DF8E26F2}.Debug|arm64.ActiveCfg = Debug|arm64
		{D8256951-EB23-45AA-8A0B-4573DF8E26F2}.Debug|arm64.Build.0 = Debug|arm64
		{D8256951-EB23-45AA-8A0B-4573DF8E26F2}.Debug|x64.ActiveCfg = Debug|x64
		{D8256951-EB23-45AA-8A0B-4573DF8E26F2}.Debug|x64.Build.0 = Debug|x64
		{D8256951-EB23-45AA-8A0B-4573DF8E26F2}.Debug|x86.ActiveCfg = Debug|x86
		{D8256951-EB23-45AA-8A0B-4573DF8E26F2}.Debug|x86.Build.0 = Debug|x86
		{D8256951-EB23-45AA-8A0B-4573DF8E26F2}.Release|Any CPU.ActiveCfg = Release|x64
		{D8256951-EB23-45AA-8A0B-4573DF8E26F2}.Release|Any CPU.Build.0 = Release|x64
		{D8256951-EB23-45AA-8A0B-4573DF8E26F2}.Release|arm64.ActiveCfg = Release|arm64
		{D8256951-EB23-45AA-8A0B-4573DF8E26F2}.Release|arm64.Build.0 = Release|arm64
		{D8256951-EB23-45AA-8A0B-4573DF8E26F2}.Release|x64.ActiveCfg = Release|x64
		{D8256951-EB23-45AA-8A0B-4573DF8E26F2}.Release|x64.Build.0 = Release|x64
		{D8256951-EB23-45AA-8A0B-4573DF8E26F2}.Release|x86.ActiveCfg = Release|x86
		{D8256951-EB23-45AA-8A0B-4573DF8E26F2}.Release|x86.Build.0 = Release|x86
		{2C7522A3-DCE2-4ED0-889A-AD10F241EDF4}.Debug|Any CPU.ActiveCfg = Debug|x64
		{2C7522A3-DCE2-4ED0-889A-AD10F241EDF4}.Debug|Any CPU.Build.0 = Debug|x64
		{2C7522A3-DCE2-4ED0-889A-AD10F241EDF4}.Debug|arm64.ActiveCfg = Debug|arm64
		{2C7522A3-DCE2-4ED0-889A-AD10F241EDF4}.Debug|arm64.Build.0 = Debug|arm64
		{2C7522A3-DCE2-4ED0-889A-AD10F241EDF4}.Debug|x64.ActiveCfg = Debug|x64
		{2C7522A3-DCE2-4ED0-889A-AD10F241EDF4}.Debug|x64.Build.0 = Debug|x64
		{2C7522A3-DCE2-4ED0-889A-AD10F241EDF4}.Debug|x86.ActiveCfg = Debug|x86
		{2C7522A3-DCE2-4ED0-889A-AD10F241EDF4}.Debug|x86.Build.0 = Debug|x86
		{2C7522A3-DCE2-4ED0-889A-AD10F241EDF4}.Release|Any CPU.ActiveCfg = Release|x64
		{2C7522A3-DCE2-4ED0-889A-AD10F241EDF4}.Release|Any CPU.Build.0 = Release|x64
		{2C7522A3-DCE2-4ED0-889A-AD10F241EDF4}.Release|arm64.ActiveCfg = Release|arm64
		{2C7522A3-DCE2-4ED0-889A-AD10F241EDF4}.Release|arm64.Build.0 = Release|arm64
		{2C7522A3-DCE2-4ED0-889A-AD10F241EDF4}.Release|x64.ActiveCfg = Release|x64
		{2C7522A3-DCE2-4ED0-889A-AD10F241EDF4}.Release|x64.Build.0 = Release|x64
		{2C7522A3-DCE2-4ED0-889A-AD10F241EDF4}.Release|x86.ActiveCfg = Release|x86
		{2C7522A3-DCE2-4ED0-889A-AD10F241EDF4}.Release|x86.Build.0 = Release|x86
		{D6B0C16D-858A-4C1B-99CF-D6F4CF5BCD5F}.Debug|Any CPU.ActiveCfg = Debug|x64
		{D6B0C16D-858A-4C1B-99CF-D6F4CF5BCD5F}.Debug|Any CPU.Build.0 = Debug|x64
		{D6B0C16D-858A-4C1B-99CF-D6F4CF5BCD5F}.Debug|arm64.ActiveCfg = Debug|ARM64
		{D6B0C16D-858A-4C1B-99CF-D6F4CF5BCD5F}.Debug|arm64.Build.0 = Debug|ARM64
		{D6B0C16D-858A-4C1B-99CF-D6F4CF5BCD5F}.Debug|x64.ActiveCfg = Debug|x64
		{D6B0C16D-858A-4C1B-99CF-D6F4CF5BCD5F}.Debug|x64.Build.0 = Debug|x64
		{D6B0C16D-858A-4C1B-99CF-D6F4CF5BCD5F}.Debug|x86.ActiveCfg = Debug|Win32
		{D6B0C16D-858A-4C1B-99CF-D6F4CF5BCD5F}.Debug|x86.Build.0 = Debug|Win32
		{D6B0C16D-858A-4C1B-99CF-D6F4CF5BCD5F}.Release|Any CPU.ActiveCfg = Release|x64
		{D6B0C16D-858A-4C1B-99CF-D6F4CF5BCD5F}.Release|Any CPU.Build.0 = Release|x64
		{D6B0C16D-858A-4C1B-99CF-D6F4CF5BCD5F}.Release|arm64.ActiveCfg = Release|ARM64
		{D6B0C16D-858A-4C1B-99CF-D6F4CF5BCD5F}.Release|arm64.Build.0 = Release|ARM64
		{D6B0C16D-858A-4C1B-99CF-D6F4CF5BCD5F}.Release|x64.ActiveCfg = Release|x64
		{D6B0C16D-858A-4C1B-99CF-D6F4CF5BCD5F}.Release|x64.Build.0 = Release|x64
		{D6B0C16D-858A-4C1B-99CF-D6F4CF5BCD5F}.Release|x86.ActiveCfg = Release|Win32
		{D6B0C16D-858A-4C1B-99CF-D6F4CF5BCD5F}.Release|x86.Build.0 = Release|Win32
		{AC872D0F-2F11-48C4-949C-2464EA1AC66F}.Debug|Any CPU.ActiveCfg = Debug|x64
		{AC872D0F-2F11-48C4-949C-2464EA1AC66F}.Debug|Any CPU.Build.0 = Debug|x64
		{AC872D0F-2F11-48C4-949C-2464EA1AC66F}.Debug|arm64.ActiveCfg = Debug|arm64
		{AC872D0F-2F11-48C4-949C-2464EA1AC66F}.Debug|arm64.Build.0 = Debug|arm64
		{AC872D0F-2F11-48C4-949C-2464EA1AC66F}.Debug|x64.ActiveCfg = Debug|x64
		{AC872D0F-2F11-48C4-949C-2464EA1AC66F}.Debug|x64.Build.0 = Debug|x64
		{AC872D0F-2F11-48C4-949C-2464EA1AC66F}.Debug|x86.ActiveCfg = Debug|x86
		{AC872D0F-2F11-48C4-949C-2464EA1AC66F}.Debug|x86.Build.0 = Debug|x86
		{AC872D0F-2F11-48C4-949C-2464EA1AC66F}.Release|Any CPU.ActiveCfg = Release|x64
		{AC872D0F-2F11-48C4-949C-2464EA1AC66F}.Release|Any CPU.Build.0 = Release|x64
		{AC872D0F-2F11-48C4-949C-2464EA1AC66F}.Release|arm64.ActiveCfg = Release|arm64
		{AC872D0F-2F11-48C4-949C-2464EA1AC66F}.Release|arm64.Build.0 = Release|arm64
		{AC872D0F-2F11-48C4-949C-2464EA1AC66F}.Release|x64.ActiveCfg = Release|x64
		{AC872D0F-2F11-48C4-949C-2464EA1AC66F}.Release|x64.Build.0 = Release|x64
		{AC872D0F-2F11-48C4-949C-2464EA1AC66F}.Release|x86.ActiveCfg = Release|x86
		{AC872D0F-2F11-48C4-949C-2464EA1AC66F}.Release|x86.Build.0 = Release|x86
		{F9121D0A-BB3A-4010-A982-CD8B77F47AA2}.Debug|Any CPU.ActiveCfg = Debug|x64
		{F9121D0A-BB3A-4010-A982-CD8B77F47AA2}.Debug|Any CPU.Build.0 = Debug|x64
		{F9121D0A-BB3A-4010-A982-CD8B77F47AA2}.Debug|arm64.ActiveCfg = Debug|arm64
		{F9121D0A-BB3A-4010-A982-CD8B77F47AA2}.Debug|arm64.Build.0 = Debug|arm64
		{F9121D0A-BB3A-4010-A982-CD8B77F47AA2}.Debug|x64.ActiveCfg = Debug|x64
		{F9121D0A-BB3A-4010-A982-CD8B77F47AA2}.Debug|x64.Build.0 = Debug|x64
		{F9121D0A-BB3A-4010-A982-CD8B77F47AA2}.Debug|x86.ActiveCfg = Debug|x86
		{F9121D0A-BB3A-4010-A982-CD8B77F47AA2}.Debug|x86.Build.0 = Debug|x86
		{F9121D0A-BB3A-4010-A982-CD8B77F47AA2}.Release|Any CPU.ActiveCfg = Release|x64
		{F9121D0A-BB3A-4010-A982-CD8B77F47AA2}.Release|Any CPU.Build.0 = Release|x64
		{F9121D0A-BB3A-4010-A982-CD8B77F47AA2}.Release|arm64.ActiveCfg = Release|arm64
		{F9121D0A-BB3A-4010-A982-CD8B77F47AA2}.Release|arm64.Build.0 = Release|arm64
		{F9121D0A-BB3A-4010-A982-CD8B77F47AA2}.Release|x64.ActiveCfg = Release|x64
		{F9121D0A-BB3A-4010-A982-CD8B77F47AA2}.Release|x64.Build.0 = Release|x64
		{F9121D0A-BB3A-4010-A982-CD8B77F47AA2}.Release|x86.ActiveCfg = Release|x86
		{F9121D0A-BB3A-4010-A982-CD8B77F47AA2}.Release|x86.Build.0 = Release|x86
		{F4095FD3-6A3F-490B-966D-E63059612EE6}.Debug|Any CPU.ActiveCfg = Debug|x64
		{F4095FD3-6A3F-490B-966D-E63059612EE6}.Debug|Any CPU.Build.0 = Debug|x64
		{F4095FD3-6A3F-490B-966D-E63059612EE6}.Debug|arm64.ActiveCfg = Debug|ARM64
		{F4095FD3-6A3F-490B-966D-E63059612EE6}.Debug|arm64.Build.0 = Debug|ARM64
		{F4095FD3-6A3F-490B-966D-E63059612EE6}.Debug|x64.ActiveCfg = Debug|x64
		{F4095FD3-6A3F-490B-966D-E63059612EE6}.Debug|x64.Build.0 = Debug|x64
		{F4095FD3-6A3F-490B-966D-E63059612EE6}.Debug|x86.ActiveCfg = Debug|x86
		{F4095FD3-6A3F-490B-966D-E63059612EE6}.Debug|x86.Build.0 = Debug|x86
		{F4095FD3-6A3F-490B-966D-E63059612EE6}.Release|Any CPU.ActiveCfg = Release|x64
		{F4095FD3-6A3F-490B-966D-E63059612EE6}.Release|Any CPU.Build.0 = Release|x64
		{F4095FD3-6A3F-490B-966D-E63059612EE6}.Release|arm64.ActiveCfg = Release|ARM64
		{F4095FD3-6A3F-490B-966D-E63059612EE6}.Release|arm64.Build.0 = Release|ARM64
		{F4095FD3-6A3F-490B-966D-E63059612EE6}.Release|x64.ActiveCfg = Release|x64
		{F4095FD3-6A3F-490B-966D-E63059612EE6}.Release|x64.Build.0 = Release|x64
		{F4095FD3-6A3F-490B-966D-E63059612EE6}.Release|x86.ActiveCfg = Release|x86
		{F4095FD3-6A3F-490B-966D-E63059612EE6}.Release|x86.Build.0 = Release|x86
		{0E05A442-BDC7-43D4-A000-F8C986826716}.Debug|Any CPU.ActiveCfg = Debug|x64
		{0E05A442-BDC7-43D4-A000-F8C986826716}.Debug|Any CPU.Build.0 = Debug|x64
		{0E05A442-BDC7-43D4-A000-F8C986826716}.Debug|arm64.ActiveCfg = Debug|ARM64
		{0E05A442-BDC7-43D4-A000-F8C986826716}.Debug|arm64.Build.0 = Debug|ARM64
		{0E05A442-BDC7-43D4-A000-F8C986826716}.Debug|x64.ActiveCfg = Debug|x64
		{0E05A442-BDC7-43D4-A000-F8C986826716}.Debug|x64.Build.0 = Debug|x64
		{0E05A442-BDC7-43D4-A000-F8C986826716}.Debug|x86.ActiveCfg = Debug|x86
		{0E05A442-BDC7-43D4-A000-F8C986826716}.Debug|x86.Build.0 = Debug|x86
		{0E05A442-BDC7-43D4-A000-F8C986826716}.Release|Any CPU.ActiveCfg = Release|x64
		{0E05A442-BDC7-43D4-A000-F8C986826716}.Release|Any CPU.Build.0 = Release|x64
		{0E05A442-BDC7-43D4-A000-F8C986826716}.Release|arm64.ActiveCfg = Release|ARM64
		{0E05A442-BDC7-43D4-A000-F8C986826716}.Release|arm64.Build.0 = Release|ARM64
		{0E05A442-BDC7-43D4-A000-F8C986826716}.Release|x64.ActiveCfg = Release|x64
		{0E05A442-BDC7-43D4-A000-F8C986826716}.Release|x64.Build.0 = Release|x64
		{0E05A442-BDC7-43D4-A000-F8C986826716}.Release|x86.ActiveCfg = Release|x86
		{0E05A442-BDC7-43D4-A000-F8C986826716}.Release|x86.Build.0 = Release|x86
		{D759CD66-494C-4A00-8075-8B65A9891349}.Debug|Any CPU.ActiveCfg = Debug|x64
		{D759CD66-494C-4A00-8075-8B65A9891349}.Debug|Any CPU.Build.0 = Debug|x64
		{D759CD66-494C-4A00-8075-8B65A9891349}.Debug|arm64.ActiveCfg = Debug|arm64
		{D759CD66-494C-4A00-8075-8B65A9891349}.Debug|arm64.Build.0 = Debug|arm64
		{D759CD66-494C-4A00-8075-8B65A9891349}.Debug|x64.ActiveCfg = Debug|x64
		{D759CD66-494C-4A00-8075-8B65A9891349}.Debug|x64.Build.0 = Debug|x64
		{D759CD66-494C-4A00-8075-8B65A9891349}.Debug|x86.ActiveCfg = Debug|x86
		{D759CD66-494C-4A00-8075-8B65A9891349}.Debug|x86.Build.0 = Debug|x86
		{D759CD66-494C-4A00-8075-8B65A9891349}.Release|Any CPU.ActiveCfg = Release|x64
		{D759CD66-494C-4A00-8075-8B65A9891349}.Release|Any CPU.Build.0 = Release|x64
		{D759CD66-494C-4A00-8075-8B65A9891349}.Release|arm64.ActiveCfg = Release|arm64
		{D759CD66-494C-4A00-8075-8B65A9891349}.Release|arm64.Build.0 = Release|arm64
		{D759CD66-494C-4A00-8075-8B65A9891349}.Release|x64.ActiveCfg = Release|x64
		{D759CD66-494C-4A00-8075-8B65A9891349}.Release|x64.Build.0 = Release|x64
		{D759CD66-494C-4A00-8075-8B65A9891349}.Release|x86.ActiveCfg = Release|x86
		{D759CD66-494C-4A00-8075-8B65A9891349}.Release|x86.Build.0 = Release|x86
		{AF527EA4-6A24-4BD6-BC6E-A5863DC3489C}.Debug|Any CPU.ActiveCfg = Debug|x64
		{AF527EA4-6A24-4BD6-BC6E-A5863DC3489C}.Debug|Any CPU.Build.0 = Debug|x64
		{AF527EA4-6A24-4BD6-BC6E-A5863DC3489C}.Debug|arm64.ActiveCfg = Debug|arm64
		{AF527EA4-6A24-4BD6-BC6E-A5863DC3489C}.Debug|arm64.Build.0 = Debug|arm64
		{AF527EA4-6A24-4BD6-BC6E-A5863DC3489C}.Debug|x64.ActiveCfg = Debug|x64
		{AF527EA4-6A24-4BD6-BC6E-A5863DC3489C}.Debug|x64.Build.0 = Debug|x64
		{AF527EA4-6A24-4BD6-BC6E-A5863DC3489C}.Debug|x86.ActiveCfg = Debug|x86
		{AF527EA4-6A24-4BD6-BC6E-A5863DC3489C}.Debug|x86.Build.0 = Debug|x86
		{AF527EA4-6A24-4BD6-BC6E-A5863DC3489C}.Release|Any CPU.ActiveCfg = Release|x64
		{AF527EA4-6A24-4BD6-BC6E-A5863DC3489C}.Release|Any CPU.Build.0 = Release|x64
		{AF527EA4-6A24-4BD6-BC6E-A5863DC3489C}.Release|arm64.ActiveCfg = Release|arm64
		{AF527EA4-6A24-4BD6-BC6E-A5863DC3489C}.Release|arm64.Build.0 = Release|arm64
		{AF527EA4-6A24-4BD6-BC6E-A5863DC3489C}.Release|x64.ActiveCfg = Release|x64
		{AF527EA4-6A24-4BD6-BC6E-A5863DC3489C}.Release|x64.Build.0 = Release|x64
		{AF527EA4-6A24-4BD6-BC6E-A5863DC3489C}.Release|x86.ActiveCfg = Release|x86
		{AF527EA4-6A24-4BD6-BC6E-A5863DC3489C}.Release|x86.Build.0 = Release|x86
		{AF5A7FA0-E3E8-44C8-8830-31DD08F583E8}.Debug|Any CPU.ActiveCfg = Debug|x64
		{AF5A7FA0-E3E8-44C8-8830-31DD08F583E8}.Debug|Any CPU.Build.0 = Debug|x64
		{AF5A7FA0-E3E8-44C8-8830-31DD08F583E8}.Debug|arm64.ActiveCfg = Debug|ARM64
		{AF5A7FA0-E3E8-44C8-8830-31DD08F583E8}.Debug|arm64.Build.0 = Debug|ARM64
		{AF5A7FA0-E3E8-44C8-8830-31DD08F583E8}.Debug|x64.ActiveCfg = Debug|x64
		{AF5A7FA0-E3E8-44C8-8830-31DD08F583E8}.Debug|x64.Build.0 = Debug|x64
		{AF5A7FA0-E3E8-44C8-8830-31DD08F583E8}.Debug|x86.ActiveCfg = Debug|Win32
		{AF5A7FA0-E3E8-44C8-8830-31DD08F583E8}.Debug|x86.Build.0 = Debug|Win32
		{AF5A7FA0-E3E8-44C8-8830-31DD08F583E8}.Release|Any CPU.ActiveCfg = Release|x64
		{AF5A7FA0-E3E8-44C8-8830-31DD08F583E8}.Release|Any CPU.Build.0 = Release|x64
		{AF5A7FA0-E3E8-44C8-8830-31DD08F583E8}.Release|arm64.ActiveCfg = Release|ARM64
		{AF5A7FA0-E3E8-44C8-8830-31DD08F583E8}.Release|arm64.Build.0 = Release|ARM64
		{AF5A7FA0-E3E8-44C8-8830-31DD08F583E8}.Release|x64.ActiveCfg = Release|x64
		{AF5A7FA0-E3E8-44C8-8830-31DD08F583E8}.Release|x64.Build.0 = Release|x64
		{AF5A7FA0-E3E8-44C8-8830-31DD08F583E8}.Release|x86.ActiveCfg = Release|Win32
		{AF5A7FA0-E3E8-44C8-8830-31DD08F583E8}.Release|x86.Build.0 = Release|Win32
	EndGlobalSection
	GlobalSection(SolutionProperties) = preSolution
		HideSolutionNode = FALSE
	EndGlobalSection
	GlobalSection(NestedProjects) = preSolution
		{CD512D91-FDA6-4908-89D5-4106F090A7BE} = {E7C94F61-D6CF-464D-8D50-210488AF7A50}
		{0901B260-1B88-4B99-A9F8-477ED0A74FBD} = {4179A05E-37F1-46CD-9218-0889EA2BB75B}
		{9A62BDDC-F33E-4EBE-B407-533263A92511} = {4179A05E-37F1-46CD-9218-0889EA2BB75B}
		{F65759A2-AF44-4211-9817-76E6D02F37D0} = {E7C94F61-D6CF-464D-8D50-210488AF7A50}
		{4179A05E-37F1-46CD-9218-0889EA2BB75B} = {A972EC5B-FC61-4964-A6FF-F9633EB75DFD}
		{54082587-A435-423F-AE1B-01B906FFA7C5} = {4179A05E-37F1-46CD-9218-0889EA2BB75B}
		{222B92B1-AC7A-409D-957B-A3851D3F41B0} = {A972EC5B-FC61-4964-A6FF-F9633EB75DFD}
		{D2303635-3DD9-4DCA-A38A-F5306D0BB8FE} = {222B92B1-AC7A-409D-957B-A3851D3F41B0}
		{6254ADB1-B6FD-4D74-AF13-40C997919178} = {222B92B1-AC7A-409D-957B-A3851D3F41B0}
		{940FD524-1AC0-4BBA-BBBE-1E4F2E797508} = {4179A05E-37F1-46CD-9218-0889EA2BB75B}
		{A7E5FD7B-B41A-4CAE-A45A-E686DFA8ACF1} = {4179A05E-37F1-46CD-9218-0889EA2BB75B}
		{053AF75C-5CD8-497F-BA25-47435BD86047} = {4179A05E-37F1-46CD-9218-0889EA2BB75B}
		{32C0052F-10AF-48C0-A7A3-B0A1793397FD} = {DCAF188B-60C3-4EDB-8049-BAA927FBCD7D}
		{0D879E08-99AA-4019-9D04-DEA9F7C7BFC1} = {32C0052F-10AF-48C0-A7A3-B0A1793397FD}
		{69F8B7DF-F52B-4B74-9A16-AB3241BB8912} = {F6EAB7D3-8F0A-4455-8969-2EF4A67314A0}
		{F6EAB7D3-8F0A-4455-8969-2EF4A67314A0} = {A972EC5B-FC61-4964-A6FF-F9633EB75DFD}
		{2F9AD5AF-EF3B-496A-8566-9E9539E3DF43} = {A972EC5B-FC61-4964-A6FF-F9633EB75DFD}
		{D04CD3A1-0B45-4CB3-925F-204F5F6AE2D8} = {A972EC5B-FC61-4964-A6FF-F9633EB75DFD}
		{75945141-03AC-4C40-A586-16D463A0AC1B} = {D04CD3A1-0B45-4CB3-925F-204F5F6AE2D8}
		{092AC740-DA01-4872-8E93-B9557DAD6BE5} = {D04CD3A1-0B45-4CB3-925F-204F5F6AE2D8}
		{80805B43-CE75-4C6E-92F8-F385C1039E53} = {D04CD3A1-0B45-4CB3-925F-204F5F6AE2D8}
		{4B370E2F-FB1D-4887-90BF-3B72517485CE} = {D04CD3A1-0B45-4CB3-925F-204F5F6AE2D8}
		{1477F3EA-A9F6-4B4F-82F4-C2427F57EBEE} = {D04CD3A1-0B45-4CB3-925F-204F5F6AE2D8}
		{AF5A7FA0-E3E8-44C8-8830-31DD08F583E8} = {D04CD3A1-0B45-4CB3-925F-204F5F6AE2D8}
		{E7C94F61-D6CF-464D-8D50-210488AF7A50} = {A972EC5B-FC61-4964-A6FF-F9633EB75DFD}
		{8FC9A04E-1FFD-42BA-B304-D1FA964D99CE} = {A972EC5B-FC61-4964-A6FF-F9633EB75DFD}
		{CFD8A90D-8B6D-4ED6-BA35-FF894BEB46C0} = {8FC9A04E-1FFD-42BA-B304-D1FA964D99CE}
		{0689521A-1686-46DB-81E1-3B84AA0EF1AC} = {81AACED5-CFB5-47A6-AFD6-4625AADCFFA3}
		{A716481F-C1AF-4243-84F9-7B9399055E51} = {81AACED5-CFB5-47A6-AFD6-4625AADCFFA3}
		{0ADDE603-FBC0-415C-A88B-8A3F5A086FB8} = {8296B318-2782-4A0E-97F1-C770411C779A}
		{75976510-22B7-4910-96F2-3E1519C3FF35} = {81AACED5-CFB5-47A6-AFD6-4625AADCFFA3}
		{D92BC45D-6D1B-4DE3-9303-4B3ED1971192} = {81AACED5-CFB5-47A6-AFD6-4625AADCFFA3}
		{81AACED5-CFB5-47A6-AFD6-4625AADCFFA3} = {0ADDE603-FBC0-415C-A88B-8A3F5A086FB8}
		{3E3791DF-070D-4ADE-96E8-93D6FBD53953} = {0ADDE603-FBC0-415C-A88B-8A3F5A086FB8}
		{D8256951-EB23-45AA-8A0B-4573DF8E26F2} = {81AACED5-CFB5-47A6-AFD6-4625AADCFFA3}
		{2C7522A3-DCE2-4ED0-889A-AD10F241EDF4} = {81AACED5-CFB5-47A6-AFD6-4625AADCFFA3}
		{D6B0C16D-858A-4C1B-99CF-D6F4CF5BCD5F} = {81AACED5-CFB5-47A6-AFD6-4625AADCFFA3}
		{AC872D0F-2F11-48C4-949C-2464EA1AC66F} = {81AACED5-CFB5-47A6-AFD6-4625AADCFFA3}
		{F9121D0A-BB3A-4010-A982-CD8B77F47AA2} = {3E3791DF-070D-4ADE-96E8-93D6FBD53953}
		{F4095FD3-6A3F-490B-966D-E63059612EE6} = {3E3791DF-070D-4ADE-96E8-93D6FBD53953}
		{0E05A442-BDC7-43D4-A000-F8C986826716} = {3E3791DF-070D-4ADE-96E8-93D6FBD53953}
		{D759CD66-494C-4A00-8075-8B65A9891349} = {81AACED5-CFB5-47A6-AFD6-4625AADCFFA3}
		{623998FD-B0A6-4980-95D5-A5072301CA10} = {A972EC5B-FC61-4964-A6FF-F9633EB75DFD}
		{AF527EA4-6A24-4BD6-BC6E-A5863DC3489C} = {623998FD-B0A6-4980-95D5-A5072301CA10}
	EndGlobalSection
	GlobalSection(ExtensibilityGlobals) = postSolution
		SolutionGuid = {030B5641-B206-46BB-BF71-36FF009088FA}
	EndGlobalSection
EndGlobal
