
Microsoft Visual Studio Solution File, Format Version 12.00
# Visual Studio Version 17
VisualStudioVersion = 17.3.32901.215
MinimumVisualStudioVersion = 10.0.40219.1
Project("{2150E333-8FDC-42A3-9474-1A3956D46DE8}") = "Solution Items", "Solution Items", "{5934D46A-E416-4600-B711-99A7CAAE8F1B}"
	ProjectSection(SolutionItems) = preProject
		src\.editorconfig = src\.editorconfig
		.vsconfig = .vsconfig
		Directory.Build.props = Directory.Build.props
		Solution.props = Solution.props
	EndProjectSection
EndProject
Project("{9A19103F-16F7-4668-BE54-9A1E7A4F7556}") = "DevHome", "src\DevHome.csproj", "{60E0FD98-5396-436D-BAB7-187A853A5DC6}"
	ProjectSection(ProjectDependencies) = postProject
		{8BE0016E-5BBD-459E-A382-B1CE56E7CA5D} = {8BE0016E-5BBD-459E-A382-B1CE56E7CA5D}
		{D2303635-3DD9-4DCA-A38A-F5306D0BB8FE} = {D2303635-3DD9-4DCA-A38A-F5306D0BB8FE}
	EndProjectSection
EndProject
Project("{9A19103F-16F7-4668-BE54-9A1E7A4F7556}") = "DevHome.Common", "common\DevHome.Common.csproj", "{8BE0016E-5BBD-459E-A382-B1CE56E7CA5D}"
EndProject
Project("{9A19103F-16F7-4668-BE54-9A1E7A4F7556}") = "DevHome.Test", "test\DevHome.Test.csproj", "{3B409BF0-59D5-4AA3-8927-8E11476E6CEB}"
EndProject
Project("{9A19103F-16F7-4668-BE54-9A1E7A4F7556}") = "DevHome.UITest", "uitest\DevHome.UITest.csproj", "{E9F49E1C-C15D-4B87-92CA-9003C1C31DB5}"
EndProject
Project("{9A19103F-16F7-4668-BE54-9A1E7A4F7556}") = "SampleTool", "tools\SampleTool\src\SampleTool.csproj", "{CD512D91-FDA6-4908-89D5-4106F090A7BE}"
EndProject
Project("{9A19103F-16F7-4668-BE54-9A1E7A4F7556}") = "SampleTool.UITest", "tools\SampleTool\uitest\SampleTool.UITest.csproj", "{5C796E1F-8905-41C7-8C1D-D921F8E0AE3D}"
EndProject
Project("{9A19103F-16F7-4668-BE54-9A1E7A4F7556}") = "DevHome.Telemetry", "telemetry\DevHome.Telemetry\DevHome.Telemetry.csproj", "{C45241F7-8B4A-44F2-A78B-AFB6288F55B9}"
EndProject
Project("{9A19103F-16F7-4668-BE54-9A1E7A4F7556}") = "DevHome.SetupFlow", "tools\SetupFlow\DevHome.SetupFlow\DevHome.SetupFlow.csproj", "{0901B260-1B88-4B99-A9F8-477ED0A74FBD}"
EndProject
Project("{9A19103F-16F7-4668-BE54-9A1E7A4F7556}") = "DevHome.SetupFlow.UITest", "tools\SetupFlow\DevHome.SetupFlow.UITest\DevHome.SetupFlow.UITest.csproj", "{60CAE3AD-C786-47B0-820C-65CA47492FFA}"
EndProject
Project("{9A19103F-16F7-4668-BE54-9A1E7A4F7556}") = "DevHome.SetupFlow.AppManagement", "tools\SetupFlow\DevHome.SetupFlow.AppManagement\DevHome.SetupFlow.AppManagement.csproj", "{5613EF29-63F6-4487-91C0-95F07CC37413}"
EndProject
Project("{9A19103F-16F7-4668-BE54-9A1E7A4F7556}") = "DevHome.SetupFlow.Common", "tools\SetupFlow\DevHome.SetupFlow.Common\DevHome.SetupFlow.Common.csproj", "{B7312416-3E61-440F-B17E-A9D10DA29E3F}"
EndProject
Project("{9A19103F-16F7-4668-BE54-9A1E7A4F7556}") = "DevHome.SetupFlow.DevVolume", "tools\SetupFlow\DevHome.SetupFlow.DevVolume\DevHome.SetupFlow.DevVolume.csproj", "{CB65FC14-ACC3-49DD-B804-FA4C80BFF1B4}"
EndProject
Project("{9A19103F-16F7-4668-BE54-9A1E7A4F7556}") = "DevHome.SetupFlow.Loading", "tools\SetupFlow\DevHome.SetupFlow.Loading\DevHome.SetupFlow.Loading.csproj", "{027F1F3B-A1F4-4508-BCA5-B222F12A2D42}"
EndProject
Project("{9A19103F-16F7-4668-BE54-9A1E7A4F7556}") = "DevHome.SetupFlow.MainPage", "tools\SetupFlow\DevHome.SetupFlow.MainPage\DevHome.SetupFlow.MainPage.csproj", "{4B979440-E731-42B7-AA7C-A8BAF98789CF}"
EndProject
Project("{9A19103F-16F7-4668-BE54-9A1E7A4F7556}") = "DevHome.SetupFlow.RepoConfig", "tools\SetupFlow\DevHome.SetupFlow.RepoConfig\DevHome.SetupFlow.RepoConfig.csproj", "{14D351F0-3F40-48A8-9887-F317A37C422E}"
EndProject
Project("{9A19103F-16F7-4668-BE54-9A1E7A4F7556}") = "DevHome.SetupFlow.Review", "tools\SetupFlow\DevHome.SetupFlow.Review\DevHome.SetupFlow.Review.csproj", "{0E4630CC-C77A-4690-BCCD-87707882F752}"
EndProject
Project("{9A19103F-16F7-4668-BE54-9A1E7A4F7556}") = "DevHome.SetupFlow.Summary", "tools\SetupFlow\DevHome.SetupFlow.Summary\DevHome.SetupFlow.Summary.csproj", "{931F17CC-E660-4955-9D33-8D186111A0D9}"
EndProject
Project("{9A19103F-16F7-4668-BE54-9A1E7A4F7556}") = "DevHome.SetupFlow.UnitTest", "tools\SetupFlow\DevHome.SetupFlow.UnitTest\DevHome.SetupFlow.UnitTest.csproj", "{9A62BDDC-F33E-4EBE-B407-533263A92511}"
EndProject
Project("{9A19103F-16F7-4668-BE54-9A1E7A4F7556}") = "SampleTool.UnitTest", "tools\SampleTool\unittest\SampleTool.UnitTest.csproj", "{F65759A2-AF44-4211-9817-76E6D02F37D0}"
EndProject
Project("{2150E333-8FDC-42A3-9474-1A3956D46DE8}") = "SetupFlow", "SetupFlow", "{4179A05E-37F1-46CD-9218-0889EA2BB75B}"
EndProject
Project("{2150E333-8FDC-42A3-9474-1A3956D46DE8}") = "Samples", "Samples", "{BE6229BE-72EE-4A32-BE20-F8C6FC629047}"
EndProject
Project("{2150E333-8FDC-42A3-9474-1A3956D46DE8}") = "Tools", "Tools", "{A972EC5B-FC61-4964-A6FF-F9633EB75DFD}"
EndProject
Project("{9A19103F-16F7-4668-BE54-9A1E7A4F7556}") = "DevHome.SetupFlow.ComInterop.Projection", "tools\SetupFlow\DevHome.SetupFlow.ComInterop.Projection\DevHome.SetupFlow.ComInterop.Projection.csproj", "{54082587-A435-423F-AE1B-01B906FFA7C5}"
EndProject
Project("{2150E333-8FDC-42A3-9474-1A3956D46DE8}") = "Dashboard", "Dashboard", "{222B92B1-AC7A-409D-957B-A3851D3F41B0}"
EndProject
Project("{9A19103F-16F7-4668-BE54-9A1E7A4F7556}") = "DevHome.Dashboard", "tools\Dashboard\DevHome.Dashboard\DevHome.Dashboard.csproj", "{D2303635-3DD9-4DCA-A38A-F5306D0BB8FE}"
EndProject
Project("{9A19103F-16F7-4668-BE54-9A1E7A4F7556}") = "DevHome.Dashboard.UITest", "tools\Dashboard\DevHome.Dashboard.UITest\DevHome.Dashboard.UITest.csproj", "{C5184A1B-6C10-4346-AE64-87D2157F99D2}"
EndProject
Project("{9A19103F-16F7-4668-BE54-9A1E7A4F7556}") = "DevHome.SetupFlow.UnitTest", "tools\Dashboard\DevHome.Dashboard.UnitTest\DevHome.SetupFlow.UnitTest.csproj", "{6254ADB1-B6FD-4D74-AF13-40C997919178}"
EndProject
Project("{9A19103F-16F7-4668-BE54-9A1E7A4F7556}") = "DevHome.SetupFlow.ConfigurationFile", "tools\SetupFlow\DevHome.SetupFlow.ConfigurationFlow\DevHome.SetupFlow.ConfigurationFile.csproj", "{AA13E2A1-7F04-419C-9E53-9E8CD45487A7}"
EndProject
Project("{2150E333-8FDC-42A3-9474-1A3956D46DE8}") = "Stub", "Stub", "{29388FDE-BD4E-48FA-9BDC-ADBA287C917B}"
EndProject
Project("{FAE04EC0-301F-11D3-BF4B-00C04F79EFBC}") = "DevHomeStub", "stub\DevHomeStub\DevHomeStub.csproj", "{11F7B61B-4AFA-47E4-88E7-291E7577558E}"
EndProject
Project("{C7167F0D-BC9F-4E6E-AFE1-012C56B48DB5}") = "DevHomeStubPackage", "stub\DevHomeStubPackage\DevHomeStubPackage.wapproj", "{5411E4A5-0BFE-456D-B20C-6F6D71F18A4F}"
EndProject
Global
	GlobalSection(SolutionConfigurationPlatforms) = preSolution
		Debug|Any CPU = Debug|Any CPU
		Debug|ARM = Debug|ARM
		Debug|arm64 = Debug|arm64
		Debug|x64 = Debug|x64
		Debug|x86 = Debug|x86
		Release|Any CPU = Release|Any CPU
		Release|ARM = Release|ARM
		Release|arm64 = Release|arm64
		Release|x64 = Release|x64
		Release|x86 = Release|x86
	EndGlobalSection
	GlobalSection(ProjectConfigurationPlatforms) = postSolution
		{60E0FD98-5396-436D-BAB7-187A853A5DC6}.Debug|Any CPU.ActiveCfg = Debug|x64
		{60E0FD98-5396-436D-BAB7-187A853A5DC6}.Debug|Any CPU.Build.0 = Debug|x64
		{60E0FD98-5396-436D-BAB7-187A853A5DC6}.Debug|Any CPU.Deploy.0 = Debug|x64
		{60E0FD98-5396-436D-BAB7-187A853A5DC6}.Debug|ARM.ActiveCfg = Debug|x64
		{60E0FD98-5396-436D-BAB7-187A853A5DC6}.Debug|ARM.Build.0 = Debug|x64
		{60E0FD98-5396-436D-BAB7-187A853A5DC6}.Debug|ARM.Deploy.0 = Debug|x64
		{60E0FD98-5396-436D-BAB7-187A853A5DC6}.Debug|arm64.ActiveCfg = Debug|arm64
		{60E0FD98-5396-436D-BAB7-187A853A5DC6}.Debug|arm64.Build.0 = Debug|arm64
		{60E0FD98-5396-436D-BAB7-187A853A5DC6}.Debug|arm64.Deploy.0 = Debug|arm64
		{60E0FD98-5396-436D-BAB7-187A853A5DC6}.Debug|x64.ActiveCfg = Debug|x64
		{60E0FD98-5396-436D-BAB7-187A853A5DC6}.Debug|x64.Build.0 = Debug|x64
		{60E0FD98-5396-436D-BAB7-187A853A5DC6}.Debug|x64.Deploy.0 = Debug|x64
		{60E0FD98-5396-436D-BAB7-187A853A5DC6}.Debug|x86.ActiveCfg = Debug|x86
		{60E0FD98-5396-436D-BAB7-187A853A5DC6}.Debug|x86.Build.0 = Debug|x86
		{60E0FD98-5396-436D-BAB7-187A853A5DC6}.Debug|x86.Deploy.0 = Debug|x86
		{60E0FD98-5396-436D-BAB7-187A853A5DC6}.Release|Any CPU.ActiveCfg = Release|x64
		{60E0FD98-5396-436D-BAB7-187A853A5DC6}.Release|Any CPU.Build.0 = Release|x64
		{60E0FD98-5396-436D-BAB7-187A853A5DC6}.Release|Any CPU.Deploy.0 = Release|x64
		{60E0FD98-5396-436D-BAB7-187A853A5DC6}.Release|ARM.ActiveCfg = Release|x64
		{60E0FD98-5396-436D-BAB7-187A853A5DC6}.Release|ARM.Build.0 = Release|x64
		{60E0FD98-5396-436D-BAB7-187A853A5DC6}.Release|ARM.Deploy.0 = Release|x64
		{60E0FD98-5396-436D-BAB7-187A853A5DC6}.Release|arm64.ActiveCfg = Release|arm64
		{60E0FD98-5396-436D-BAB7-187A853A5DC6}.Release|arm64.Build.0 = Release|arm64
		{60E0FD98-5396-436D-BAB7-187A853A5DC6}.Release|arm64.Deploy.0 = Release|arm64
		{60E0FD98-5396-436D-BAB7-187A853A5DC6}.Release|x64.ActiveCfg = Release|x64
		{60E0FD98-5396-436D-BAB7-187A853A5DC6}.Release|x64.Build.0 = Release|x64
		{60E0FD98-5396-436D-BAB7-187A853A5DC6}.Release|x64.Deploy.0 = Release|x64
		{60E0FD98-5396-436D-BAB7-187A853A5DC6}.Release|x86.ActiveCfg = Release|x86
		{60E0FD98-5396-436D-BAB7-187A853A5DC6}.Release|x86.Build.0 = Release|x86
		{60E0FD98-5396-436D-BAB7-187A853A5DC6}.Release|x86.Deploy.0 = Release|x86
		{8BE0016E-5BBD-459E-A382-B1CE56E7CA5D}.Debug|Any CPU.ActiveCfg = Debug|x64
		{8BE0016E-5BBD-459E-A382-B1CE56E7CA5D}.Debug|Any CPU.Build.0 = Debug|x64
		{8BE0016E-5BBD-459E-A382-B1CE56E7CA5D}.Debug|ARM.ActiveCfg = Debug|x64
		{8BE0016E-5BBD-459E-A382-B1CE56E7CA5D}.Debug|ARM.Build.0 = Debug|x64
		{8BE0016E-5BBD-459E-A382-B1CE56E7CA5D}.Debug|arm64.ActiveCfg = Debug|arm64
		{8BE0016E-5BBD-459E-A382-B1CE56E7CA5D}.Debug|arm64.Build.0 = Debug|arm64
		{8BE0016E-5BBD-459E-A382-B1CE56E7CA5D}.Debug|x64.ActiveCfg = Debug|x64
		{8BE0016E-5BBD-459E-A382-B1CE56E7CA5D}.Debug|x64.Build.0 = Debug|x64
		{8BE0016E-5BBD-459E-A382-B1CE56E7CA5D}.Debug|x86.ActiveCfg = Debug|x86
		{8BE0016E-5BBD-459E-A382-B1CE56E7CA5D}.Debug|x86.Build.0 = Debug|x86
		{8BE0016E-5BBD-459E-A382-B1CE56E7CA5D}.Release|Any CPU.ActiveCfg = Release|x64
		{8BE0016E-5BBD-459E-A382-B1CE56E7CA5D}.Release|Any CPU.Build.0 = Release|x64
		{8BE0016E-5BBD-459E-A382-B1CE56E7CA5D}.Release|ARM.ActiveCfg = Release|x64
		{8BE0016E-5BBD-459E-A382-B1CE56E7CA5D}.Release|ARM.Build.0 = Release|x64
		{8BE0016E-5BBD-459E-A382-B1CE56E7CA5D}.Release|arm64.ActiveCfg = Release|arm64
		{8BE0016E-5BBD-459E-A382-B1CE56E7CA5D}.Release|arm64.Build.0 = Release|arm64
		{8BE0016E-5BBD-459E-A382-B1CE56E7CA5D}.Release|x64.ActiveCfg = Release|x64
		{8BE0016E-5BBD-459E-A382-B1CE56E7CA5D}.Release|x64.Build.0 = Release|x64
		{8BE0016E-5BBD-459E-A382-B1CE56E7CA5D}.Release|x86.ActiveCfg = Release|x86
		{8BE0016E-5BBD-459E-A382-B1CE56E7CA5D}.Release|x86.Build.0 = Release|x86
		{3B409BF0-59D5-4AA3-8927-8E11476E6CEB}.Debug|Any CPU.ActiveCfg = Debug|x64
		{3B409BF0-59D5-4AA3-8927-8E11476E6CEB}.Debug|Any CPU.Build.0 = Debug|x64
		{3B409BF0-59D5-4AA3-8927-8E11476E6CEB}.Debug|ARM.ActiveCfg = Debug|x64
		{3B409BF0-59D5-4AA3-8927-8E11476E6CEB}.Debug|ARM.Build.0 = Debug|x64
		{3B409BF0-59D5-4AA3-8927-8E11476E6CEB}.Debug|arm64.ActiveCfg = Debug|arm64
		{3B409BF0-59D5-4AA3-8927-8E11476E6CEB}.Debug|arm64.Build.0 = Debug|arm64
		{3B409BF0-59D5-4AA3-8927-8E11476E6CEB}.Debug|x64.ActiveCfg = Debug|x64
		{3B409BF0-59D5-4AA3-8927-8E11476E6CEB}.Debug|x64.Build.0 = Debug|x64
		{3B409BF0-59D5-4AA3-8927-8E11476E6CEB}.Debug|x86.ActiveCfg = Debug|x86
		{3B409BF0-59D5-4AA3-8927-8E11476E6CEB}.Debug|x86.Build.0 = Debug|x86
		{3B409BF0-59D5-4AA3-8927-8E11476E6CEB}.Release|Any CPU.ActiveCfg = Release|x64
		{3B409BF0-59D5-4AA3-8927-8E11476E6CEB}.Release|Any CPU.Build.0 = Release|x64
		{3B409BF0-59D5-4AA3-8927-8E11476E6CEB}.Release|ARM.ActiveCfg = Release|x64
		{3B409BF0-59D5-4AA3-8927-8E11476E6CEB}.Release|ARM.Build.0 = Release|x64
		{3B409BF0-59D5-4AA3-8927-8E11476E6CEB}.Release|arm64.ActiveCfg = Release|arm64
		{3B409BF0-59D5-4AA3-8927-8E11476E6CEB}.Release|arm64.Build.0 = Release|arm64
		{3B409BF0-59D5-4AA3-8927-8E11476E6CEB}.Release|x64.ActiveCfg = Release|x64
		{3B409BF0-59D5-4AA3-8927-8E11476E6CEB}.Release|x64.Build.0 = Release|x64
		{3B409BF0-59D5-4AA3-8927-8E11476E6CEB}.Release|x86.ActiveCfg = Release|x86
		{3B409BF0-59D5-4AA3-8927-8E11476E6CEB}.Release|x86.Build.0 = Release|x86
		{E9F49E1C-C15D-4B87-92CA-9003C1C31DB5}.Debug|Any CPU.ActiveCfg = Debug|x64
		{E9F49E1C-C15D-4B87-92CA-9003C1C31DB5}.Debug|Any CPU.Build.0 = Debug|x64
		{E9F49E1C-C15D-4B87-92CA-9003C1C31DB5}.Debug|ARM.ActiveCfg = Debug|x64
		{E9F49E1C-C15D-4B87-92CA-9003C1C31DB5}.Debug|ARM.Build.0 = Debug|x64
		{E9F49E1C-C15D-4B87-92CA-9003C1C31DB5}.Debug|arm64.ActiveCfg = Debug|arm64
		{E9F49E1C-C15D-4B87-92CA-9003C1C31DB5}.Debug|arm64.Build.0 = Debug|arm64
		{E9F49E1C-C15D-4B87-92CA-9003C1C31DB5}.Debug|x64.ActiveCfg = Debug|x64
		{E9F49E1C-C15D-4B87-92CA-9003C1C31DB5}.Debug|x64.Build.0 = Debug|x64
		{E9F49E1C-C15D-4B87-92CA-9003C1C31DB5}.Debug|x86.ActiveCfg = Debug|x86
		{E9F49E1C-C15D-4B87-92CA-9003C1C31DB5}.Debug|x86.Build.0 = Debug|x86
		{E9F49E1C-C15D-4B87-92CA-9003C1C31DB5}.Release|Any CPU.ActiveCfg = Release|x64
		{E9F49E1C-C15D-4B87-92CA-9003C1C31DB5}.Release|Any CPU.Build.0 = Release|x64
		{E9F49E1C-C15D-4B87-92CA-9003C1C31DB5}.Release|ARM.ActiveCfg = Release|x64
		{E9F49E1C-C15D-4B87-92CA-9003C1C31DB5}.Release|ARM.Build.0 = Release|x64
		{E9F49E1C-C15D-4B87-92CA-9003C1C31DB5}.Release|arm64.ActiveCfg = Release|arm64
		{E9F49E1C-C15D-4B87-92CA-9003C1C31DB5}.Release|arm64.Build.0 = Release|arm64
		{E9F49E1C-C15D-4B87-92CA-9003C1C31DB5}.Release|x64.ActiveCfg = Release|x64
		{E9F49E1C-C15D-4B87-92CA-9003C1C31DB5}.Release|x64.Build.0 = Release|x64
		{E9F49E1C-C15D-4B87-92CA-9003C1C31DB5}.Release|x86.ActiveCfg = Release|x86
		{E9F49E1C-C15D-4B87-92CA-9003C1C31DB5}.Release|x86.Build.0 = Release|x86
		{CD512D91-FDA6-4908-89D5-4106F090A7BE}.Debug|Any CPU.ActiveCfg = Debug|x64
		{CD512D91-FDA6-4908-89D5-4106F090A7BE}.Debug|Any CPU.Build.0 = Debug|x64
		{CD512D91-FDA6-4908-89D5-4106F090A7BE}.Debug|ARM.ActiveCfg = Debug|x64
		{CD512D91-FDA6-4908-89D5-4106F090A7BE}.Debug|ARM.Build.0 = Debug|x64
		{CD512D91-FDA6-4908-89D5-4106F090A7BE}.Debug|arm64.ActiveCfg = Debug|arm64
		{CD512D91-FDA6-4908-89D5-4106F090A7BE}.Debug|arm64.Build.0 = Debug|arm64
		{CD512D91-FDA6-4908-89D5-4106F090A7BE}.Debug|x64.ActiveCfg = Debug|x64
		{CD512D91-FDA6-4908-89D5-4106F090A7BE}.Debug|x64.Build.0 = Debug|x64
		{CD512D91-FDA6-4908-89D5-4106F090A7BE}.Debug|x86.ActiveCfg = Debug|x86
		{CD512D91-FDA6-4908-89D5-4106F090A7BE}.Debug|x86.Build.0 = Debug|x86
		{CD512D91-FDA6-4908-89D5-4106F090A7BE}.Release|Any CPU.ActiveCfg = Release|x64
		{CD512D91-FDA6-4908-89D5-4106F090A7BE}.Release|Any CPU.Build.0 = Release|x64
		{CD512D91-FDA6-4908-89D5-4106F090A7BE}.Release|ARM.ActiveCfg = Release|x64
		{CD512D91-FDA6-4908-89D5-4106F090A7BE}.Release|ARM.Build.0 = Release|x64
		{CD512D91-FDA6-4908-89D5-4106F090A7BE}.Release|arm64.ActiveCfg = Release|arm64
		{CD512D91-FDA6-4908-89D5-4106F090A7BE}.Release|arm64.Build.0 = Release|arm64
		{CD512D91-FDA6-4908-89D5-4106F090A7BE}.Release|x64.ActiveCfg = Release|x64
		{CD512D91-FDA6-4908-89D5-4106F090A7BE}.Release|x64.Build.0 = Release|x64
		{CD512D91-FDA6-4908-89D5-4106F090A7BE}.Release|x86.ActiveCfg = Release|x86
		{CD512D91-FDA6-4908-89D5-4106F090A7BE}.Release|x86.Build.0 = Release|x86
		{5C796E1F-8905-41C7-8C1D-D921F8E0AE3D}.Debug|Any CPU.ActiveCfg = Debug|x64
		{5C796E1F-8905-41C7-8C1D-D921F8E0AE3D}.Debug|Any CPU.Build.0 = Debug|x64
		{5C796E1F-8905-41C7-8C1D-D921F8E0AE3D}.Debug|ARM.ActiveCfg = Debug|x64
		{5C796E1F-8905-41C7-8C1D-D921F8E0AE3D}.Debug|ARM.Build.0 = Debug|x64
		{5C796E1F-8905-41C7-8C1D-D921F8E0AE3D}.Debug|arm64.ActiveCfg = Debug|arm64
		{5C796E1F-8905-41C7-8C1D-D921F8E0AE3D}.Debug|arm64.Build.0 = Debug|arm64
		{5C796E1F-8905-41C7-8C1D-D921F8E0AE3D}.Debug|x64.ActiveCfg = Debug|x64
		{5C796E1F-8905-41C7-8C1D-D921F8E0AE3D}.Debug|x64.Build.0 = Debug|x64
		{5C796E1F-8905-41C7-8C1D-D921F8E0AE3D}.Debug|x86.ActiveCfg = Debug|x86
		{5C796E1F-8905-41C7-8C1D-D921F8E0AE3D}.Debug|x86.Build.0 = Debug|x86
		{5C796E1F-8905-41C7-8C1D-D921F8E0AE3D}.Release|Any CPU.ActiveCfg = Release|x64
		{5C796E1F-8905-41C7-8C1D-D921F8E0AE3D}.Release|Any CPU.Build.0 = Release|x64
		{5C796E1F-8905-41C7-8C1D-D921F8E0AE3D}.Release|ARM.ActiveCfg = Release|x64
		{5C796E1F-8905-41C7-8C1D-D921F8E0AE3D}.Release|ARM.Build.0 = Release|x64
		{5C796E1F-8905-41C7-8C1D-D921F8E0AE3D}.Release|arm64.ActiveCfg = Release|arm64
		{5C796E1F-8905-41C7-8C1D-D921F8E0AE3D}.Release|arm64.Build.0 = Release|arm64
		{5C796E1F-8905-41C7-8C1D-D921F8E0AE3D}.Release|x64.ActiveCfg = Release|x64
		{5C796E1F-8905-41C7-8C1D-D921F8E0AE3D}.Release|x64.Build.0 = Release|x64
		{5C796E1F-8905-41C7-8C1D-D921F8E0AE3D}.Release|x86.ActiveCfg = Release|x86
		{5C796E1F-8905-41C7-8C1D-D921F8E0AE3D}.Release|x86.Build.0 = Release|x86
		{C45241F7-8B4A-44F2-A78B-AFB6288F55B9}.Debug|Any CPU.ActiveCfg = Debug|x64
		{C45241F7-8B4A-44F2-A78B-AFB6288F55B9}.Debug|Any CPU.Build.0 = Debug|x64
		{C45241F7-8B4A-44F2-A78B-AFB6288F55B9}.Debug|ARM.ActiveCfg = Debug|x64
		{C45241F7-8B4A-44F2-A78B-AFB6288F55B9}.Debug|ARM.Build.0 = Debug|x64
		{C45241F7-8B4A-44F2-A78B-AFB6288F55B9}.Debug|arm64.ActiveCfg = Debug|arm64
		{C45241F7-8B4A-44F2-A78B-AFB6288F55B9}.Debug|arm64.Build.0 = Debug|arm64
		{C45241F7-8B4A-44F2-A78B-AFB6288F55B9}.Debug|x64.ActiveCfg = Debug|x64
		{C45241F7-8B4A-44F2-A78B-AFB6288F55B9}.Debug|x64.Build.0 = Debug|x64
		{C45241F7-8B4A-44F2-A78B-AFB6288F55B9}.Debug|x86.ActiveCfg = Debug|x86
		{C45241F7-8B4A-44F2-A78B-AFB6288F55B9}.Debug|x86.Build.0 = Debug|x86
		{C45241F7-8B4A-44F2-A78B-AFB6288F55B9}.Release|Any CPU.ActiveCfg = Release|x64
		{C45241F7-8B4A-44F2-A78B-AFB6288F55B9}.Release|Any CPU.Build.0 = Release|x64
		{C45241F7-8B4A-44F2-A78B-AFB6288F55B9}.Release|ARM.ActiveCfg = Release|x64
		{C45241F7-8B4A-44F2-A78B-AFB6288F55B9}.Release|ARM.Build.0 = Release|x64
		{C45241F7-8B4A-44F2-A78B-AFB6288F55B9}.Release|arm64.ActiveCfg = Release|arm64
		{C45241F7-8B4A-44F2-A78B-AFB6288F55B9}.Release|arm64.Build.0 = Release|arm64
		{C45241F7-8B4A-44F2-A78B-AFB6288F55B9}.Release|x64.ActiveCfg = Release|x64
		{C45241F7-8B4A-44F2-A78B-AFB6288F55B9}.Release|x64.Build.0 = Release|x64
		{C45241F7-8B4A-44F2-A78B-AFB6288F55B9}.Release|x86.ActiveCfg = Release|x86
		{C45241F7-8B4A-44F2-A78B-AFB6288F55B9}.Release|x86.Build.0 = Release|x86
		{0901B260-1B88-4B99-A9F8-477ED0A74FBD}.Debug|Any CPU.ActiveCfg = Debug|x64
		{0901B260-1B88-4B99-A9F8-477ED0A74FBD}.Debug|Any CPU.Build.0 = Debug|x64
		{0901B260-1B88-4B99-A9F8-477ED0A74FBD}.Debug|ARM.ActiveCfg = Debug|x64
		{0901B260-1B88-4B99-A9F8-477ED0A74FBD}.Debug|ARM.Build.0 = Debug|x64
		{0901B260-1B88-4B99-A9F8-477ED0A74FBD}.Debug|arm64.ActiveCfg = Debug|arm64
		{0901B260-1B88-4B99-A9F8-477ED0A74FBD}.Debug|arm64.Build.0 = Debug|arm64
		{0901B260-1B88-4B99-A9F8-477ED0A74FBD}.Debug|x64.ActiveCfg = Debug|x64
		{0901B260-1B88-4B99-A9F8-477ED0A74FBD}.Debug|x64.Build.0 = Debug|x64
		{0901B260-1B88-4B99-A9F8-477ED0A74FBD}.Debug|x86.ActiveCfg = Debug|x86
		{0901B260-1B88-4B99-A9F8-477ED0A74FBD}.Debug|x86.Build.0 = Debug|x86
		{0901B260-1B88-4B99-A9F8-477ED0A74FBD}.Release|Any CPU.ActiveCfg = Release|x64
		{0901B260-1B88-4B99-A9F8-477ED0A74FBD}.Release|Any CPU.Build.0 = Release|x64
		{0901B260-1B88-4B99-A9F8-477ED0A74FBD}.Release|ARM.ActiveCfg = Release|x64
		{0901B260-1B88-4B99-A9F8-477ED0A74FBD}.Release|ARM.Build.0 = Release|x64
		{0901B260-1B88-4B99-A9F8-477ED0A74FBD}.Release|arm64.ActiveCfg = Release|arm64
		{0901B260-1B88-4B99-A9F8-477ED0A74FBD}.Release|arm64.Build.0 = Release|arm64
		{0901B260-1B88-4B99-A9F8-477ED0A74FBD}.Release|x64.ActiveCfg = Release|x64
		{0901B260-1B88-4B99-A9F8-477ED0A74FBD}.Release|x64.Build.0 = Release|x64
		{0901B260-1B88-4B99-A9F8-477ED0A74FBD}.Release|x86.ActiveCfg = Release|x86
		{0901B260-1B88-4B99-A9F8-477ED0A74FBD}.Release|x86.Build.0 = Release|x86
		{60CAE3AD-C786-47B0-820C-65CA47492FFA}.Debug|Any CPU.ActiveCfg = Debug|x64
		{60CAE3AD-C786-47B0-820C-65CA47492FFA}.Debug|Any CPU.Build.0 = Debug|x64
		{60CAE3AD-C786-47B0-820C-65CA47492FFA}.Debug|ARM.ActiveCfg = Debug|x64
		{60CAE3AD-C786-47B0-820C-65CA47492FFA}.Debug|ARM.Build.0 = Debug|x64
		{60CAE3AD-C786-47B0-820C-65CA47492FFA}.Debug|arm64.ActiveCfg = Debug|arm64
		{60CAE3AD-C786-47B0-820C-65CA47492FFA}.Debug|arm64.Build.0 = Debug|arm64
		{60CAE3AD-C786-47B0-820C-65CA47492FFA}.Debug|x64.ActiveCfg = Debug|x64
		{60CAE3AD-C786-47B0-820C-65CA47492FFA}.Debug|x64.Build.0 = Debug|x64
		{60CAE3AD-C786-47B0-820C-65CA47492FFA}.Debug|x86.ActiveCfg = Debug|x86
		{60CAE3AD-C786-47B0-820C-65CA47492FFA}.Debug|x86.Build.0 = Debug|x86
		{60CAE3AD-C786-47B0-820C-65CA47492FFA}.Release|Any CPU.ActiveCfg = Release|x64
		{60CAE3AD-C786-47B0-820C-65CA47492FFA}.Release|Any CPU.Build.0 = Release|x64
		{60CAE3AD-C786-47B0-820C-65CA47492FFA}.Release|ARM.ActiveCfg = Release|x64
		{60CAE3AD-C786-47B0-820C-65CA47492FFA}.Release|ARM.Build.0 = Release|x64
		{60CAE3AD-C786-47B0-820C-65CA47492FFA}.Release|arm64.ActiveCfg = Release|arm64
		{60CAE3AD-C786-47B0-820C-65CA47492FFA}.Release|arm64.Build.0 = Release|arm64
		{60CAE3AD-C786-47B0-820C-65CA47492FFA}.Release|x64.ActiveCfg = Release|x64
		{60CAE3AD-C786-47B0-820C-65CA47492FFA}.Release|x64.Build.0 = Release|x64
		{60CAE3AD-C786-47B0-820C-65CA47492FFA}.Release|x86.ActiveCfg = Release|x86
		{60CAE3AD-C786-47B0-820C-65CA47492FFA}.Release|x86.Build.0 = Release|x86
		{5613EF29-63F6-4487-91C0-95F07CC37413}.Debug|Any CPU.ActiveCfg = Debug|x64
		{5613EF29-63F6-4487-91C0-95F07CC37413}.Debug|Any CPU.Build.0 = Debug|x64
		{5613EF29-63F6-4487-91C0-95F07CC37413}.Debug|ARM.ActiveCfg = Debug|x64
		{5613EF29-63F6-4487-91C0-95F07CC37413}.Debug|ARM.Build.0 = Debug|x64
		{5613EF29-63F6-4487-91C0-95F07CC37413}.Debug|arm64.ActiveCfg = Debug|ARM64
		{5613EF29-63F6-4487-91C0-95F07CC37413}.Debug|arm64.Build.0 = Debug|ARM64
		{5613EF29-63F6-4487-91C0-95F07CC37413}.Debug|x64.ActiveCfg = Debug|x64
		{5613EF29-63F6-4487-91C0-95F07CC37413}.Debug|x64.Build.0 = Debug|x64
		{5613EF29-63F6-4487-91C0-95F07CC37413}.Debug|x86.ActiveCfg = Debug|x86
		{5613EF29-63F6-4487-91C0-95F07CC37413}.Debug|x86.Build.0 = Debug|x86
		{5613EF29-63F6-4487-91C0-95F07CC37413}.Release|Any CPU.ActiveCfg = Release|x64
		{5613EF29-63F6-4487-91C0-95F07CC37413}.Release|Any CPU.Build.0 = Release|x64
		{5613EF29-63F6-4487-91C0-95F07CC37413}.Release|ARM.ActiveCfg = Release|x64
		{5613EF29-63F6-4487-91C0-95F07CC37413}.Release|ARM.Build.0 = Release|x64
		{5613EF29-63F6-4487-91C0-95F07CC37413}.Release|arm64.ActiveCfg = Release|ARM64
		{5613EF29-63F6-4487-91C0-95F07CC37413}.Release|arm64.Build.0 = Release|ARM64
		{5613EF29-63F6-4487-91C0-95F07CC37413}.Release|x64.ActiveCfg = Release|x64
		{5613EF29-63F6-4487-91C0-95F07CC37413}.Release|x64.Build.0 = Release|x64
		{5613EF29-63F6-4487-91C0-95F07CC37413}.Release|x86.ActiveCfg = Release|x86
		{5613EF29-63F6-4487-91C0-95F07CC37413}.Release|x86.Build.0 = Release|x86
		{B7312416-3E61-440F-B17E-A9D10DA29E3F}.Debug|Any CPU.ActiveCfg = Debug|x64
		{B7312416-3E61-440F-B17E-A9D10DA29E3F}.Debug|Any CPU.Build.0 = Debug|x64
		{B7312416-3E61-440F-B17E-A9D10DA29E3F}.Debug|ARM.ActiveCfg = Debug|x64
		{B7312416-3E61-440F-B17E-A9D10DA29E3F}.Debug|ARM.Build.0 = Debug|x64
		{B7312416-3E61-440F-B17E-A9D10DA29E3F}.Debug|arm64.ActiveCfg = Debug|ARM64
		{B7312416-3E61-440F-B17E-A9D10DA29E3F}.Debug|arm64.Build.0 = Debug|ARM64
		{B7312416-3E61-440F-B17E-A9D10DA29E3F}.Debug|x64.ActiveCfg = Debug|x64
		{B7312416-3E61-440F-B17E-A9D10DA29E3F}.Debug|x64.Build.0 = Debug|x64
		{B7312416-3E61-440F-B17E-A9D10DA29E3F}.Debug|x86.ActiveCfg = Debug|x86
		{B7312416-3E61-440F-B17E-A9D10DA29E3F}.Debug|x86.Build.0 = Debug|x86
		{B7312416-3E61-440F-B17E-A9D10DA29E3F}.Release|Any CPU.ActiveCfg = Release|x64
		{B7312416-3E61-440F-B17E-A9D10DA29E3F}.Release|Any CPU.Build.0 = Release|x64
		{B7312416-3E61-440F-B17E-A9D10DA29E3F}.Release|ARM.ActiveCfg = Release|x64
		{B7312416-3E61-440F-B17E-A9D10DA29E3F}.Release|ARM.Build.0 = Release|x64
		{B7312416-3E61-440F-B17E-A9D10DA29E3F}.Release|arm64.ActiveCfg = Release|ARM64
		{B7312416-3E61-440F-B17E-A9D10DA29E3F}.Release|arm64.Build.0 = Release|ARM64
		{B7312416-3E61-440F-B17E-A9D10DA29E3F}.Release|x64.ActiveCfg = Release|x64
		{B7312416-3E61-440F-B17E-A9D10DA29E3F}.Release|x64.Build.0 = Release|x64
		{B7312416-3E61-440F-B17E-A9D10DA29E3F}.Release|x86.ActiveCfg = Release|x86
		{B7312416-3E61-440F-B17E-A9D10DA29E3F}.Release|x86.Build.0 = Release|x86
		{CB65FC14-ACC3-49DD-B804-FA4C80BFF1B4}.Debug|Any CPU.ActiveCfg = Debug|x64
		{CB65FC14-ACC3-49DD-B804-FA4C80BFF1B4}.Debug|Any CPU.Build.0 = Debug|x64
		{CB65FC14-ACC3-49DD-B804-FA4C80BFF1B4}.Debug|ARM.ActiveCfg = Debug|x64
		{CB65FC14-ACC3-49DD-B804-FA4C80BFF1B4}.Debug|ARM.Build.0 = Debug|x64
		{CB65FC14-ACC3-49DD-B804-FA4C80BFF1B4}.Debug|arm64.ActiveCfg = Debug|ARM64
		{CB65FC14-ACC3-49DD-B804-FA4C80BFF1B4}.Debug|arm64.Build.0 = Debug|ARM64
		{CB65FC14-ACC3-49DD-B804-FA4C80BFF1B4}.Debug|x64.ActiveCfg = Debug|x64
		{CB65FC14-ACC3-49DD-B804-FA4C80BFF1B4}.Debug|x64.Build.0 = Debug|x64
		{CB65FC14-ACC3-49DD-B804-FA4C80BFF1B4}.Debug|x86.ActiveCfg = Debug|x86
		{CB65FC14-ACC3-49DD-B804-FA4C80BFF1B4}.Debug|x86.Build.0 = Debug|x86
		{CB65FC14-ACC3-49DD-B804-FA4C80BFF1B4}.Release|Any CPU.ActiveCfg = Release|x64
		{CB65FC14-ACC3-49DD-B804-FA4C80BFF1B4}.Release|Any CPU.Build.0 = Release|x64
		{CB65FC14-ACC3-49DD-B804-FA4C80BFF1B4}.Release|ARM.ActiveCfg = Release|x64
		{CB65FC14-ACC3-49DD-B804-FA4C80BFF1B4}.Release|ARM.Build.0 = Release|x64
		{CB65FC14-ACC3-49DD-B804-FA4C80BFF1B4}.Release|arm64.ActiveCfg = Release|ARM64
		{CB65FC14-ACC3-49DD-B804-FA4C80BFF1B4}.Release|arm64.Build.0 = Release|ARM64
		{CB65FC14-ACC3-49DD-B804-FA4C80BFF1B4}.Release|x64.ActiveCfg = Release|x64
		{CB65FC14-ACC3-49DD-B804-FA4C80BFF1B4}.Release|x64.Build.0 = Release|x64
		{CB65FC14-ACC3-49DD-B804-FA4C80BFF1B4}.Release|x86.ActiveCfg = Release|x86
		{CB65FC14-ACC3-49DD-B804-FA4C80BFF1B4}.Release|x86.Build.0 = Release|x86
		{027F1F3B-A1F4-4508-BCA5-B222F12A2D42}.Debug|Any CPU.ActiveCfg = Debug|x64
		{027F1F3B-A1F4-4508-BCA5-B222F12A2D42}.Debug|Any CPU.Build.0 = Debug|x64
		{027F1F3B-A1F4-4508-BCA5-B222F12A2D42}.Debug|ARM.ActiveCfg = Debug|x64
		{027F1F3B-A1F4-4508-BCA5-B222F12A2D42}.Debug|ARM.Build.0 = Debug|x64
		{027F1F3B-A1F4-4508-BCA5-B222F12A2D42}.Debug|arm64.ActiveCfg = Debug|arm64
		{027F1F3B-A1F4-4508-BCA5-B222F12A2D42}.Debug|arm64.Build.0 = Debug|arm64
		{027F1F3B-A1F4-4508-BCA5-B222F12A2D42}.Debug|x64.ActiveCfg = Debug|x64
		{027F1F3B-A1F4-4508-BCA5-B222F12A2D42}.Debug|x64.Build.0 = Debug|x64
		{027F1F3B-A1F4-4508-BCA5-B222F12A2D42}.Debug|x86.ActiveCfg = Debug|x86
		{027F1F3B-A1F4-4508-BCA5-B222F12A2D42}.Debug|x86.Build.0 = Debug|x86
		{027F1F3B-A1F4-4508-BCA5-B222F12A2D42}.Release|Any CPU.ActiveCfg = Release|x64
		{027F1F3B-A1F4-4508-BCA5-B222F12A2D42}.Release|Any CPU.Build.0 = Release|x64
		{027F1F3B-A1F4-4508-BCA5-B222F12A2D42}.Release|ARM.ActiveCfg = Release|x64
		{027F1F3B-A1F4-4508-BCA5-B222F12A2D42}.Release|ARM.Build.0 = Release|x64
		{027F1F3B-A1F4-4508-BCA5-B222F12A2D42}.Release|arm64.ActiveCfg = Release|arm64
		{027F1F3B-A1F4-4508-BCA5-B222F12A2D42}.Release|arm64.Build.0 = Release|arm64
		{027F1F3B-A1F4-4508-BCA5-B222F12A2D42}.Release|x64.ActiveCfg = Release|x64
		{027F1F3B-A1F4-4508-BCA5-B222F12A2D42}.Release|x64.Build.0 = Release|x64
		{027F1F3B-A1F4-4508-BCA5-B222F12A2D42}.Release|x86.ActiveCfg = Release|x86
		{027F1F3B-A1F4-4508-BCA5-B222F12A2D42}.Release|x86.Build.0 = Release|x86
		{4B979440-E731-42B7-AA7C-A8BAF98789CF}.Debug|Any CPU.ActiveCfg = Debug|x64
		{4B979440-E731-42B7-AA7C-A8BAF98789CF}.Debug|Any CPU.Build.0 = Debug|x64
		{4B979440-E731-42B7-AA7C-A8BAF98789CF}.Debug|ARM.ActiveCfg = Debug|x64
		{4B979440-E731-42B7-AA7C-A8BAF98789CF}.Debug|ARM.Build.0 = Debug|x64
		{4B979440-E731-42B7-AA7C-A8BAF98789CF}.Debug|arm64.ActiveCfg = Debug|arm64
		{4B979440-E731-42B7-AA7C-A8BAF98789CF}.Debug|arm64.Build.0 = Debug|arm64
		{4B979440-E731-42B7-AA7C-A8BAF98789CF}.Debug|x64.ActiveCfg = Debug|x64
		{4B979440-E731-42B7-AA7C-A8BAF98789CF}.Debug|x64.Build.0 = Debug|x64
		{4B979440-E731-42B7-AA7C-A8BAF98789CF}.Debug|x86.ActiveCfg = Debug|x86
		{4B979440-E731-42B7-AA7C-A8BAF98789CF}.Debug|x86.Build.0 = Debug|x86
		{4B979440-E731-42B7-AA7C-A8BAF98789CF}.Release|Any CPU.ActiveCfg = Release|x64
		{4B979440-E731-42B7-AA7C-A8BAF98789CF}.Release|Any CPU.Build.0 = Release|x64
		{4B979440-E731-42B7-AA7C-A8BAF98789CF}.Release|ARM.ActiveCfg = Release|x64
		{4B979440-E731-42B7-AA7C-A8BAF98789CF}.Release|ARM.Build.0 = Release|x64
		{4B979440-E731-42B7-AA7C-A8BAF98789CF}.Release|arm64.ActiveCfg = Release|arm64
		{4B979440-E731-42B7-AA7C-A8BAF98789CF}.Release|arm64.Build.0 = Release|arm64
		{4B979440-E731-42B7-AA7C-A8BAF98789CF}.Release|x64.ActiveCfg = Release|x64
		{4B979440-E731-42B7-AA7C-A8BAF98789CF}.Release|x64.Build.0 = Release|x64
		{4B979440-E731-42B7-AA7C-A8BAF98789CF}.Release|x86.ActiveCfg = Release|x86
		{4B979440-E731-42B7-AA7C-A8BAF98789CF}.Release|x86.Build.0 = Release|x86
		{14D351F0-3F40-48A8-9887-F317A37C422E}.Debug|Any CPU.ActiveCfg = Debug|x64
		{14D351F0-3F40-48A8-9887-F317A37C422E}.Debug|Any CPU.Build.0 = Debug|x64
		{14D351F0-3F40-48A8-9887-F317A37C422E}.Debug|ARM.ActiveCfg = Debug|x64
		{14D351F0-3F40-48A8-9887-F317A37C422E}.Debug|ARM.Build.0 = Debug|x64
		{14D351F0-3F40-48A8-9887-F317A37C422E}.Debug|arm64.ActiveCfg = Debug|arm64
		{14D351F0-3F40-48A8-9887-F317A37C422E}.Debug|arm64.Build.0 = Debug|arm64
		{14D351F0-3F40-48A8-9887-F317A37C422E}.Debug|x64.ActiveCfg = Debug|x64
		{14D351F0-3F40-48A8-9887-F317A37C422E}.Debug|x64.Build.0 = Debug|x64
		{14D351F0-3F40-48A8-9887-F317A37C422E}.Debug|x86.ActiveCfg = Debug|x86
		{14D351F0-3F40-48A8-9887-F317A37C422E}.Debug|x86.Build.0 = Debug|x86
		{14D351F0-3F40-48A8-9887-F317A37C422E}.Release|Any CPU.ActiveCfg = Release|x64
		{14D351F0-3F40-48A8-9887-F317A37C422E}.Release|Any CPU.Build.0 = Release|x64
		{14D351F0-3F40-48A8-9887-F317A37C422E}.Release|ARM.ActiveCfg = Release|x64
		{14D351F0-3F40-48A8-9887-F317A37C422E}.Release|ARM.Build.0 = Release|x64
		{14D351F0-3F40-48A8-9887-F317A37C422E}.Release|arm64.ActiveCfg = Release|arm64
		{14D351F0-3F40-48A8-9887-F317A37C422E}.Release|arm64.Build.0 = Release|arm64
		{14D351F0-3F40-48A8-9887-F317A37C422E}.Release|x64.ActiveCfg = Release|x64
		{14D351F0-3F40-48A8-9887-F317A37C422E}.Release|x64.Build.0 = Release|x64
		{14D351F0-3F40-48A8-9887-F317A37C422E}.Release|x86.ActiveCfg = Release|x86
		{14D351F0-3F40-48A8-9887-F317A37C422E}.Release|x86.Build.0 = Release|x86
		{0E4630CC-C77A-4690-BCCD-87707882F752}.Debug|Any CPU.ActiveCfg = Debug|x64
		{0E4630CC-C77A-4690-BCCD-87707882F752}.Debug|Any CPU.Build.0 = Debug|x64
		{0E4630CC-C77A-4690-BCCD-87707882F752}.Debug|ARM.ActiveCfg = Debug|x64
		{0E4630CC-C77A-4690-BCCD-87707882F752}.Debug|ARM.Build.0 = Debug|x64
		{0E4630CC-C77A-4690-BCCD-87707882F752}.Debug|arm64.ActiveCfg = Debug|arm64
		{0E4630CC-C77A-4690-BCCD-87707882F752}.Debug|arm64.Build.0 = Debug|arm64
		{0E4630CC-C77A-4690-BCCD-87707882F752}.Debug|x64.ActiveCfg = Debug|x64
		{0E4630CC-C77A-4690-BCCD-87707882F752}.Debug|x64.Build.0 = Debug|x64
		{0E4630CC-C77A-4690-BCCD-87707882F752}.Debug|x86.ActiveCfg = Debug|x86
		{0E4630CC-C77A-4690-BCCD-87707882F752}.Debug|x86.Build.0 = Debug|x86
		{0E4630CC-C77A-4690-BCCD-87707882F752}.Release|Any CPU.ActiveCfg = Release|x64
		{0E4630CC-C77A-4690-BCCD-87707882F752}.Release|Any CPU.Build.0 = Release|x64
		{0E4630CC-C77A-4690-BCCD-87707882F752}.Release|ARM.ActiveCfg = Release|x64
		{0E4630CC-C77A-4690-BCCD-87707882F752}.Release|ARM.Build.0 = Release|x64
		{0E4630CC-C77A-4690-BCCD-87707882F752}.Release|arm64.ActiveCfg = Release|arm64
		{0E4630CC-C77A-4690-BCCD-87707882F752}.Release|arm64.Build.0 = Release|arm64
		{0E4630CC-C77A-4690-BCCD-87707882F752}.Release|x64.ActiveCfg = Release|x64
		{0E4630CC-C77A-4690-BCCD-87707882F752}.Release|x64.Build.0 = Release|x64
		{0E4630CC-C77A-4690-BCCD-87707882F752}.Release|x86.ActiveCfg = Release|x86
		{0E4630CC-C77A-4690-BCCD-87707882F752}.Release|x86.Build.0 = Release|x86
		{931F17CC-E660-4955-9D33-8D186111A0D9}.Debug|Any CPU.ActiveCfg = Debug|x64
		{931F17CC-E660-4955-9D33-8D186111A0D9}.Debug|Any CPU.Build.0 = Debug|x64
		{931F17CC-E660-4955-9D33-8D186111A0D9}.Debug|ARM.ActiveCfg = Debug|x64
		{931F17CC-E660-4955-9D33-8D186111A0D9}.Debug|ARM.Build.0 = Debug|x64
		{931F17CC-E660-4955-9D33-8D186111A0D9}.Debug|arm64.ActiveCfg = Debug|arm64
		{931F17CC-E660-4955-9D33-8D186111A0D9}.Debug|arm64.Build.0 = Debug|arm64
		{931F17CC-E660-4955-9D33-8D186111A0D9}.Debug|x64.ActiveCfg = Debug|x64
		{931F17CC-E660-4955-9D33-8D186111A0D9}.Debug|x64.Build.0 = Debug|x64
		{931F17CC-E660-4955-9D33-8D186111A0D9}.Debug|x86.ActiveCfg = Debug|x86
		{931F17CC-E660-4955-9D33-8D186111A0D9}.Debug|x86.Build.0 = Debug|x86
		{931F17CC-E660-4955-9D33-8D186111A0D9}.Release|Any CPU.ActiveCfg = Release|x64
		{931F17CC-E660-4955-9D33-8D186111A0D9}.Release|Any CPU.Build.0 = Release|x64
		{931F17CC-E660-4955-9D33-8D186111A0D9}.Release|ARM.ActiveCfg = Release|x64
		{931F17CC-E660-4955-9D33-8D186111A0D9}.Release|ARM.Build.0 = Release|x64
		{931F17CC-E660-4955-9D33-8D186111A0D9}.Release|arm64.ActiveCfg = Release|arm64
		{931F17CC-E660-4955-9D33-8D186111A0D9}.Release|arm64.Build.0 = Release|arm64
		{931F17CC-E660-4955-9D33-8D186111A0D9}.Release|x64.ActiveCfg = Release|x64
		{931F17CC-E660-4955-9D33-8D186111A0D9}.Release|x64.Build.0 = Release|x64
		{931F17CC-E660-4955-9D33-8D186111A0D9}.Release|x86.ActiveCfg = Release|x86
		{931F17CC-E660-4955-9D33-8D186111A0D9}.Release|x86.Build.0 = Release|x86
		{9A62BDDC-F33E-4EBE-B407-533263A92511}.Debug|Any CPU.ActiveCfg = Debug|x64
		{9A62BDDC-F33E-4EBE-B407-533263A92511}.Debug|Any CPU.Build.0 = Debug|x64
		{9A62BDDC-F33E-4EBE-B407-533263A92511}.Debug|ARM.ActiveCfg = Debug|x64
		{9A62BDDC-F33E-4EBE-B407-533263A92511}.Debug|ARM.Build.0 = Debug|x64
		{9A62BDDC-F33E-4EBE-B407-533263A92511}.Debug|arm64.ActiveCfg = Debug|arm64
		{9A62BDDC-F33E-4EBE-B407-533263A92511}.Debug|arm64.Build.0 = Debug|arm64
		{9A62BDDC-F33E-4EBE-B407-533263A92511}.Debug|x64.ActiveCfg = Debug|x64
		{9A62BDDC-F33E-4EBE-B407-533263A92511}.Debug|x64.Build.0 = Debug|x64
		{9A62BDDC-F33E-4EBE-B407-533263A92511}.Debug|x86.ActiveCfg = Debug|x86
		{9A62BDDC-F33E-4EBE-B407-533263A92511}.Debug|x86.Build.0 = Debug|x86
		{9A62BDDC-F33E-4EBE-B407-533263A92511}.Release|Any CPU.ActiveCfg = Release|x64
		{9A62BDDC-F33E-4EBE-B407-533263A92511}.Release|Any CPU.Build.0 = Release|x64
		{9A62BDDC-F33E-4EBE-B407-533263A92511}.Release|ARM.ActiveCfg = Release|x64
		{9A62BDDC-F33E-4EBE-B407-533263A92511}.Release|ARM.Build.0 = Release|x64
		{9A62BDDC-F33E-4EBE-B407-533263A92511}.Release|arm64.ActiveCfg = Release|arm64
		{9A62BDDC-F33E-4EBE-B407-533263A92511}.Release|arm64.Build.0 = Release|arm64
		{9A62BDDC-F33E-4EBE-B407-533263A92511}.Release|x64.ActiveCfg = Release|x64
		{9A62BDDC-F33E-4EBE-B407-533263A92511}.Release|x64.Build.0 = Release|x64
		{9A62BDDC-F33E-4EBE-B407-533263A92511}.Release|x86.ActiveCfg = Release|x86
		{9A62BDDC-F33E-4EBE-B407-533263A92511}.Release|x86.Build.0 = Release|x86
		{F65759A2-AF44-4211-9817-76E6D02F37D0}.Debug|Any CPU.ActiveCfg = Debug|x64
		{F65759A2-AF44-4211-9817-76E6D02F37D0}.Debug|Any CPU.Build.0 = Debug|x64
		{F65759A2-AF44-4211-9817-76E6D02F37D0}.Debug|ARM.ActiveCfg = Debug|x64
		{F65759A2-AF44-4211-9817-76E6D02F37D0}.Debug|ARM.Build.0 = Debug|x64
		{F65759A2-AF44-4211-9817-76E6D02F37D0}.Debug|arm64.ActiveCfg = Debug|arm64
		{F65759A2-AF44-4211-9817-76E6D02F37D0}.Debug|arm64.Build.0 = Debug|arm64
		{F65759A2-AF44-4211-9817-76E6D02F37D0}.Debug|x64.ActiveCfg = Debug|x64
		{F65759A2-AF44-4211-9817-76E6D02F37D0}.Debug|x64.Build.0 = Debug|x64
		{F65759A2-AF44-4211-9817-76E6D02F37D0}.Debug|x86.ActiveCfg = Debug|x86
		{F65759A2-AF44-4211-9817-76E6D02F37D0}.Debug|x86.Build.0 = Debug|x86
		{F65759A2-AF44-4211-9817-76E6D02F37D0}.Release|Any CPU.ActiveCfg = Release|x64
		{F65759A2-AF44-4211-9817-76E6D02F37D0}.Release|Any CPU.Build.0 = Release|x64
		{F65759A2-AF44-4211-9817-76E6D02F37D0}.Release|ARM.ActiveCfg = Release|x64
		{F65759A2-AF44-4211-9817-76E6D02F37D0}.Release|ARM.Build.0 = Release|x64
		{F65759A2-AF44-4211-9817-76E6D02F37D0}.Release|arm64.ActiveCfg = Release|arm64
		{F65759A2-AF44-4211-9817-76E6D02F37D0}.Release|arm64.Build.0 = Release|arm64
		{F65759A2-AF44-4211-9817-76E6D02F37D0}.Release|x64.ActiveCfg = Release|x64
		{F65759A2-AF44-4211-9817-76E6D02F37D0}.Release|x64.Build.0 = Release|x64
		{F65759A2-AF44-4211-9817-76E6D02F37D0}.Release|x86.ActiveCfg = Release|x86
		{F65759A2-AF44-4211-9817-76E6D02F37D0}.Release|x86.Build.0 = Release|x86
		{54082587-A435-423F-AE1B-01B906FFA7C5}.Debug|Any CPU.ActiveCfg = Debug|x64
		{54082587-A435-423F-AE1B-01B906FFA7C5}.Debug|Any CPU.Build.0 = Debug|x64
		{54082587-A435-423F-AE1B-01B906FFA7C5}.Debug|ARM.ActiveCfg = Debug|x64
		{54082587-A435-423F-AE1B-01B906FFA7C5}.Debug|ARM.Build.0 = Debug|x64
		{54082587-A435-423F-AE1B-01B906FFA7C5}.Debug|arm64.ActiveCfg = Debug|arm64
		{54082587-A435-423F-AE1B-01B906FFA7C5}.Debug|arm64.Build.0 = Debug|arm64
		{54082587-A435-423F-AE1B-01B906FFA7C5}.Debug|x64.ActiveCfg = Debug|x64
		{54082587-A435-423F-AE1B-01B906FFA7C5}.Debug|x64.Build.0 = Debug|x64
		{54082587-A435-423F-AE1B-01B906FFA7C5}.Debug|x86.ActiveCfg = Debug|x86
		{54082587-A435-423F-AE1B-01B906FFA7C5}.Debug|x86.Build.0 = Debug|x86
		{54082587-A435-423F-AE1B-01B906FFA7C5}.Release|Any CPU.ActiveCfg = Release|x64
		{54082587-A435-423F-AE1B-01B906FFA7C5}.Release|Any CPU.Build.0 = Release|x64
		{54082587-A435-423F-AE1B-01B906FFA7C5}.Release|ARM.ActiveCfg = Release|x64
		{54082587-A435-423F-AE1B-01B906FFA7C5}.Release|ARM.Build.0 = Release|x64
		{54082587-A435-423F-AE1B-01B906FFA7C5}.Release|arm64.ActiveCfg = Release|arm64
		{54082587-A435-423F-AE1B-01B906FFA7C5}.Release|arm64.Build.0 = Release|arm64
		{54082587-A435-423F-AE1B-01B906FFA7C5}.Release|x64.ActiveCfg = Release|x64
		{54082587-A435-423F-AE1B-01B906FFA7C5}.Release|x64.Build.0 = Release|x64
		{54082587-A435-423F-AE1B-01B906FFA7C5}.Release|x86.ActiveCfg = Release|x86
		{54082587-A435-423F-AE1B-01B906FFA7C5}.Release|x86.Build.0 = Release|x86
		{D2303635-3DD9-4DCA-A38A-F5306D0BB8FE}.Debug|Any CPU.ActiveCfg = Debug|x64
		{D2303635-3DD9-4DCA-A38A-F5306D0BB8FE}.Debug|Any CPU.Build.0 = Debug|x64
		{D2303635-3DD9-4DCA-A38A-F5306D0BB8FE}.Debug|ARM.ActiveCfg = Debug|x64
		{D2303635-3DD9-4DCA-A38A-F5306D0BB8FE}.Debug|ARM.Build.0 = Debug|x64
		{D2303635-3DD9-4DCA-A38A-F5306D0BB8FE}.Debug|arm64.ActiveCfg = Debug|arm64
		{D2303635-3DD9-4DCA-A38A-F5306D0BB8FE}.Debug|arm64.Build.0 = Debug|arm64
		{D2303635-3DD9-4DCA-A38A-F5306D0BB8FE}.Debug|x64.ActiveCfg = Debug|x64
		{D2303635-3DD9-4DCA-A38A-F5306D0BB8FE}.Debug|x64.Build.0 = Debug|x64
		{D2303635-3DD9-4DCA-A38A-F5306D0BB8FE}.Debug|x86.ActiveCfg = Debug|x86
		{D2303635-3DD9-4DCA-A38A-F5306D0BB8FE}.Debug|x86.Build.0 = Debug|x86
		{D2303635-3DD9-4DCA-A38A-F5306D0BB8FE}.Release|Any CPU.ActiveCfg = Release|x64
		{D2303635-3DD9-4DCA-A38A-F5306D0BB8FE}.Release|Any CPU.Build.0 = Release|x64
		{D2303635-3DD9-4DCA-A38A-F5306D0BB8FE}.Release|ARM.ActiveCfg = Release|x64
		{D2303635-3DD9-4DCA-A38A-F5306D0BB8FE}.Release|ARM.Build.0 = Release|x64
		{D2303635-3DD9-4DCA-A38A-F5306D0BB8FE}.Release|arm64.ActiveCfg = Release|arm64
		{D2303635-3DD9-4DCA-A38A-F5306D0BB8FE}.Release|arm64.Build.0 = Release|arm64
		{D2303635-3DD9-4DCA-A38A-F5306D0BB8FE}.Release|x64.ActiveCfg = Release|x64
		{D2303635-3DD9-4DCA-A38A-F5306D0BB8FE}.Release|x64.Build.0 = Release|x64
		{D2303635-3DD9-4DCA-A38A-F5306D0BB8FE}.Release|x86.ActiveCfg = Release|x86
		{D2303635-3DD9-4DCA-A38A-F5306D0BB8FE}.Release|x86.Build.0 = Release|x86
		{C5184A1B-6C10-4346-AE64-87D2157F99D2}.Debug|Any CPU.ActiveCfg = Debug|x64
		{C5184A1B-6C10-4346-AE64-87D2157F99D2}.Debug|Any CPU.Build.0 = Debug|x64
		{C5184A1B-6C10-4346-AE64-87D2157F99D2}.Debug|ARM.ActiveCfg = Debug|x64
		{C5184A1B-6C10-4346-AE64-87D2157F99D2}.Debug|ARM.Build.0 = Debug|x64
		{C5184A1B-6C10-4346-AE64-87D2157F99D2}.Debug|arm64.ActiveCfg = Debug|arm64
		{C5184A1B-6C10-4346-AE64-87D2157F99D2}.Debug|arm64.Build.0 = Debug|arm64
		{C5184A1B-6C10-4346-AE64-87D2157F99D2}.Debug|x64.ActiveCfg = Debug|x64
		{C5184A1B-6C10-4346-AE64-87D2157F99D2}.Debug|x64.Build.0 = Debug|x64
		{C5184A1B-6C10-4346-AE64-87D2157F99D2}.Debug|x86.ActiveCfg = Debug|x86
		{C5184A1B-6C10-4346-AE64-87D2157F99D2}.Debug|x86.Build.0 = Debug|x86
		{C5184A1B-6C10-4346-AE64-87D2157F99D2}.Release|Any CPU.ActiveCfg = Release|x64
		{C5184A1B-6C10-4346-AE64-87D2157F99D2}.Release|Any CPU.Build.0 = Release|x64
		{C5184A1B-6C10-4346-AE64-87D2157F99D2}.Release|ARM.ActiveCfg = Release|x64
		{C5184A1B-6C10-4346-AE64-87D2157F99D2}.Release|ARM.Build.0 = Release|x64
		{C5184A1B-6C10-4346-AE64-87D2157F99D2}.Release|arm64.ActiveCfg = Release|arm64
		{C5184A1B-6C10-4346-AE64-87D2157F99D2}.Release|arm64.Build.0 = Release|arm64
		{C5184A1B-6C10-4346-AE64-87D2157F99D2}.Release|x64.ActiveCfg = Release|x64
		{C5184A1B-6C10-4346-AE64-87D2157F99D2}.Release|x64.Build.0 = Release|x64
		{C5184A1B-6C10-4346-AE64-87D2157F99D2}.Release|x86.ActiveCfg = Release|x86
		{C5184A1B-6C10-4346-AE64-87D2157F99D2}.Release|x86.Build.0 = Release|x86
		{6254ADB1-B6FD-4D74-AF13-40C997919178}.Debug|Any CPU.ActiveCfg = Debug|x64
		{6254ADB1-B6FD-4D74-AF13-40C997919178}.Debug|Any CPU.Build.0 = Debug|x64
		{6254ADB1-B6FD-4D74-AF13-40C997919178}.Debug|ARM.ActiveCfg = Debug|x64
		{6254ADB1-B6FD-4D74-AF13-40C997919178}.Debug|ARM.Build.0 = Debug|x64
		{6254ADB1-B6FD-4D74-AF13-40C997919178}.Debug|arm64.ActiveCfg = Debug|arm64
		{6254ADB1-B6FD-4D74-AF13-40C997919178}.Debug|arm64.Build.0 = Debug|arm64
		{6254ADB1-B6FD-4D74-AF13-40C997919178}.Debug|x64.ActiveCfg = Debug|x64
		{6254ADB1-B6FD-4D74-AF13-40C997919178}.Debug|x64.Build.0 = Debug|x64
		{6254ADB1-B6FD-4D74-AF13-40C997919178}.Debug|x86.ActiveCfg = Debug|x86
		{6254ADB1-B6FD-4D74-AF13-40C997919178}.Debug|x86.Build.0 = Debug|x86
		{6254ADB1-B6FD-4D74-AF13-40C997919178}.Release|Any CPU.ActiveCfg = Release|x64
		{6254ADB1-B6FD-4D74-AF13-40C997919178}.Release|Any CPU.Build.0 = Release|x64
		{6254ADB1-B6FD-4D74-AF13-40C997919178}.Release|ARM.ActiveCfg = Release|x64
		{6254ADB1-B6FD-4D74-AF13-40C997919178}.Release|ARM.Build.0 = Release|x64
		{6254ADB1-B6FD-4D74-AF13-40C997919178}.Release|arm64.ActiveCfg = Release|arm64
		{6254ADB1-B6FD-4D74-AF13-40C997919178}.Release|arm64.Build.0 = Release|arm64
		{6254ADB1-B6FD-4D74-AF13-40C997919178}.Release|x64.ActiveCfg = Release|x64
		{6254ADB1-B6FD-4D74-AF13-40C997919178}.Release|x64.Build.0 = Release|x64
		{6254ADB1-B6FD-4D74-AF13-40C997919178}.Release|x86.ActiveCfg = Release|x86
		{6254ADB1-B6FD-4D74-AF13-40C997919178}.Release|x86.Build.0 = Release|x86
		{AA13E2A1-7F04-419C-9E53-9E8CD45487A7}.Debug|Any CPU.ActiveCfg = Debug|x64
		{AA13E2A1-7F04-419C-9E53-9E8CD45487A7}.Debug|Any CPU.Build.0 = Debug|x64
		{AA13E2A1-7F04-419C-9E53-9E8CD45487A7}.Debug|ARM.ActiveCfg = Debug|x64
		{AA13E2A1-7F04-419C-9E53-9E8CD45487A7}.Debug|ARM.Build.0 = Debug|x64
		{AA13E2A1-7F04-419C-9E53-9E8CD45487A7}.Debug|arm64.ActiveCfg = Debug|arm64
		{AA13E2A1-7F04-419C-9E53-9E8CD45487A7}.Debug|arm64.Build.0 = Debug|arm64
		{AA13E2A1-7F04-419C-9E53-9E8CD45487A7}.Debug|x64.ActiveCfg = Debug|x64
		{AA13E2A1-7F04-419C-9E53-9E8CD45487A7}.Debug|x64.Build.0 = Debug|x64
		{AA13E2A1-7F04-419C-9E53-9E8CD45487A7}.Debug|x86.ActiveCfg = Debug|x86
		{AA13E2A1-7F04-419C-9E53-9E8CD45487A7}.Debug|x86.Build.0 = Debug|x86
		{AA13E2A1-7F04-419C-9E53-9E8CD45487A7}.Release|Any CPU.ActiveCfg = Release|x64
		{AA13E2A1-7F04-419C-9E53-9E8CD45487A7}.Release|Any CPU.Build.0 = Release|x64
		{AA13E2A1-7F04-419C-9E53-9E8CD45487A7}.Release|ARM.ActiveCfg = Release|x64
		{AA13E2A1-7F04-419C-9E53-9E8CD45487A7}.Release|ARM.Build.0 = Release|x64
		{AA13E2A1-7F04-419C-9E53-9E8CD45487A7}.Release|arm64.ActiveCfg = Release|arm64
		{AA13E2A1-7F04-419C-9E53-9E8CD45487A7}.Release|arm64.Build.0 = Release|arm64
		{AA13E2A1-7F04-419C-9E53-9E8CD45487A7}.Release|x64.ActiveCfg = Release|x64
		{AA13E2A1-7F04-419C-9E53-9E8CD45487A7}.Release|x64.Build.0 = Release|x64
		{AA13E2A1-7F04-419C-9E53-9E8CD45487A7}.Release|x86.ActiveCfg = Release|x86
		{AA13E2A1-7F04-419C-9E53-9E8CD45487A7}.Release|x86.Build.0 = Release|x86
		{11F7B61B-4AFA-47E4-88E7-291E7577558E}.Debug|Any CPU.ActiveCfg = Debug|Any CPU
		{11F7B61B-4AFA-47E4-88E7-291E7577558E}.Debug|Any CPU.Build.0 = Debug|Any CPU
		{11F7B61B-4AFA-47E4-88E7-291E7577558E}.Debug|ARM.ActiveCfg = Debug|Any CPU
		{11F7B61B-4AFA-47E4-88E7-291E7577558E}.Debug|ARM.Build.0 = Debug|Any CPU
		{11F7B61B-4AFA-47E4-88E7-291E7577558E}.Debug|arm64.ActiveCfg = Debug|Any CPU
		{11F7B61B-4AFA-47E4-88E7-291E7577558E}.Debug|arm64.Build.0 = Debug|Any CPU
		{11F7B61B-4AFA-47E4-88E7-291E7577558E}.Debug|x64.ActiveCfg = Debug|Any CPU
		{11F7B61B-4AFA-47E4-88E7-291E7577558E}.Debug|x64.Build.0 = Debug|Any CPU
		{11F7B61B-4AFA-47E4-88E7-291E7577558E}.Debug|x86.ActiveCfg = Debug|Any CPU
		{11F7B61B-4AFA-47E4-88E7-291E7577558E}.Debug|x86.Build.0 = Debug|Any CPU
		{11F7B61B-4AFA-47E4-88E7-291E7577558E}.Release|Any CPU.ActiveCfg = Release|Any CPU
		{11F7B61B-4AFA-47E4-88E7-291E7577558E}.Release|Any CPU.Build.0 = Release|Any CPU
		{11F7B61B-4AFA-47E4-88E7-291E7577558E}.Release|ARM.ActiveCfg = Release|Any CPU
		{11F7B61B-4AFA-47E4-88E7-291E7577558E}.Release|ARM.Build.0 = Release|Any CPU
		{11F7B61B-4AFA-47E4-88E7-291E7577558E}.Release|arm64.ActiveCfg = Release|Any CPU
		{11F7B61B-4AFA-47E4-88E7-291E7577558E}.Release|arm64.Build.0 = Release|Any CPU
		{11F7B61B-4AFA-47E4-88E7-291E7577558E}.Release|x64.ActiveCfg = Release|Any CPU
		{11F7B61B-4AFA-47E4-88E7-291E7577558E}.Release|x64.Build.0 = Release|Any CPU
		{11F7B61B-4AFA-47E4-88E7-291E7577558E}.Release|x86.ActiveCfg = Release|Any CPU
		{11F7B61B-4AFA-47E4-88E7-291E7577558E}.Release|x86.Build.0 = Release|Any CPU
		{5411E4A5-0BFE-456D-B20C-6F6D71F18A4F}.Debug|Any CPU.ActiveCfg = Debug|Any CPU
		{5411E4A5-0BFE-456D-B20C-6F6D71F18A4F}.Debug|Any CPU.Build.0 = Debug|Any CPU
		{5411E4A5-0BFE-456D-B20C-6F6D71F18A4F}.Debug|Any CPU.Deploy.0 = Debug|Any CPU
		{5411E4A5-0BFE-456D-B20C-6F6D71F18A4F}.Debug|ARM.ActiveCfg = Debug|ARM
		{5411E4A5-0BFE-456D-B20C-6F6D71F18A4F}.Debug|ARM.Build.0 = Debug|ARM
		{5411E4A5-0BFE-456D-B20C-6F6D71F18A4F}.Debug|ARM.Deploy.0 = Debug|ARM
		{5411E4A5-0BFE-456D-B20C-6F6D71F18A4F}.Debug|arm64.ActiveCfg = Debug|ARM64
		{5411E4A5-0BFE-456D-B20C-6F6D71F18A4F}.Debug|arm64.Build.0 = Debug|ARM64
		{5411E4A5-0BFE-456D-B20C-6F6D71F18A4F}.Debug|arm64.Deploy.0 = Debug|ARM64
		{5411E4A5-0BFE-456D-B20C-6F6D71F18A4F}.Debug|x64.ActiveCfg = Debug|x64
		{5411E4A5-0BFE-456D-B20C-6F6D71F18A4F}.Debug|x64.Build.0 = Debug|x64
		{5411E4A5-0BFE-456D-B20C-6F6D71F18A4F}.Debug|x64.Deploy.0 = Debug|x64
		{5411E4A5-0BFE-456D-B20C-6F6D71F18A4F}.Debug|x86.ActiveCfg = Debug|x86
		{5411E4A5-0BFE-456D-B20C-6F6D71F18A4F}.Debug|x86.Build.0 = Debug|x86
		{5411E4A5-0BFE-456D-B20C-6F6D71F18A4F}.Debug|x86.Deploy.0 = Debug|x86
		{5411E4A5-0BFE-456D-B20C-6F6D71F18A4F}.Release|Any CPU.ActiveCfg = Release|Any CPU
		{5411E4A5-0BFE-456D-B20C-6F6D71F18A4F}.Release|Any CPU.Build.0 = Release|Any CPU
		{5411E4A5-0BFE-456D-B20C-6F6D71F18A4F}.Release|Any CPU.Deploy.0 = Release|Any CPU
		{5411E4A5-0BFE-456D-B20C-6F6D71F18A4F}.Release|ARM.ActiveCfg = Release|ARM
		{5411E4A5-0BFE-456D-B20C-6F6D71F18A4F}.Release|ARM.Build.0 = Release|ARM
		{5411E4A5-0BFE-456D-B20C-6F6D71F18A4F}.Release|ARM.Deploy.0 = Release|ARM
		{5411E4A5-0BFE-456D-B20C-6F6D71F18A4F}.Release|arm64.ActiveCfg = Release|ARM64
		{5411E4A5-0BFE-456D-B20C-6F6D71F18A4F}.Release|arm64.Build.0 = Release|ARM64
		{5411E4A5-0BFE-456D-B20C-6F6D71F18A4F}.Release|arm64.Deploy.0 = Release|ARM64
		{5411E4A5-0BFE-456D-B20C-6F6D71F18A4F}.Release|x64.ActiveCfg = Release|x64
		{5411E4A5-0BFE-456D-B20C-6F6D71F18A4F}.Release|x64.Build.0 = Release|x64
		{5411E4A5-0BFE-456D-B20C-6F6D71F18A4F}.Release|x64.Deploy.0 = Release|x64
		{5411E4A5-0BFE-456D-B20C-6F6D71F18A4F}.Release|x86.ActiveCfg = Release|x86
		{5411E4A5-0BFE-456D-B20C-6F6D71F18A4F}.Release|x86.Build.0 = Release|x86
		{5411E4A5-0BFE-456D-B20C-6F6D71F18A4F}.Release|x86.Deploy.0 = Release|x86
	EndGlobalSection
	GlobalSection(SolutionProperties) = preSolution
		HideSolutionNode = FALSE
	EndGlobalSection
	GlobalSection(NestedProjects) = preSolution
		{CD512D91-FDA6-4908-89D5-4106F090A7BE} = {BE6229BE-72EE-4A32-BE20-F8C6FC629047}
		{5C796E1F-8905-41C7-8C1D-D921F8E0AE3D} = {BE6229BE-72EE-4A32-BE20-F8C6FC629047}
		{0901B260-1B88-4B99-A9F8-477ED0A74FBD} = {4179A05E-37F1-46CD-9218-0889EA2BB75B}
		{60CAE3AD-C786-47B0-820C-65CA47492FFA} = {4179A05E-37F1-46CD-9218-0889EA2BB75B}
		{5613EF29-63F6-4487-91C0-95F07CC37413} = {4179A05E-37F1-46CD-9218-0889EA2BB75B}
		{B7312416-3E61-440F-B17E-A9D10DA29E3F} = {4179A05E-37F1-46CD-9218-0889EA2BB75B}
		{CB65FC14-ACC3-49DD-B804-FA4C80BFF1B4} = {4179A05E-37F1-46CD-9218-0889EA2BB75B}
		{027F1F3B-A1F4-4508-BCA5-B222F12A2D42} = {4179A05E-37F1-46CD-9218-0889EA2BB75B}
		{4B979440-E731-42B7-AA7C-A8BAF98789CF} = {4179A05E-37F1-46CD-9218-0889EA2BB75B}
		{14D351F0-3F40-48A8-9887-F317A37C422E} = {4179A05E-37F1-46CD-9218-0889EA2BB75B}
		{0E4630CC-C77A-4690-BCCD-87707882F752} = {4179A05E-37F1-46CD-9218-0889EA2BB75B}
		{931F17CC-E660-4955-9D33-8D186111A0D9} = {4179A05E-37F1-46CD-9218-0889EA2BB75B}
		{9A62BDDC-F33E-4EBE-B407-533263A92511} = {4179A05E-37F1-46CD-9218-0889EA2BB75B}
		{F65759A2-AF44-4211-9817-76E6D02F37D0} = {BE6229BE-72EE-4A32-BE20-F8C6FC629047}
		{4179A05E-37F1-46CD-9218-0889EA2BB75B} = {A972EC5B-FC61-4964-A6FF-F9633EB75DFD}
		{54082587-A435-423F-AE1B-01B906FFA7C5} = {4179A05E-37F1-46CD-9218-0889EA2BB75B}
		{222B92B1-AC7A-409D-957B-A3851D3F41B0} = {A972EC5B-FC61-4964-A6FF-F9633EB75DFD}
		{D2303635-3DD9-4DCA-A38A-F5306D0BB8FE} = {222B92B1-AC7A-409D-957B-A3851D3F41B0}
		{C5184A1B-6C10-4346-AE64-87D2157F99D2} = {222B92B1-AC7A-409D-957B-A3851D3F41B0}
		{6254ADB1-B6FD-4D74-AF13-40C997919178} = {222B92B1-AC7A-409D-957B-A3851D3F41B0}
		{AA13E2A1-7F04-419C-9E53-9E8CD45487A7} = {4179A05E-37F1-46CD-9218-0889EA2BB75B}
		{11F7B61B-4AFA-47E4-88E7-291E7577558E} = {29388FDE-BD4E-48FA-9BDC-ADBA287C917B}
		{5411E4A5-0BFE-456D-B20C-6F6D71F18A4F} = {29388FDE-BD4E-48FA-9BDC-ADBA287C917B}
	EndGlobalSection
	GlobalSection(ExtensibilityGlobals) = postSolution
		SolutionGuid = {030B5641-B206-46BB-BF71-36FF009088FA}
	EndGlobalSection
EndGlobal
