{
  "version": 3,
  "targets": {
    "net8.0": {
      "StyleCop.Analyzers/1.2.0-beta.556": {
        "type": "package",
        "dependencies": {
          "StyleCop.Analyzers.Unstable": "1.2.0.556"
        }
      },
      "StyleCop.Analyzers.Unstable/1.2.0.556": {
        "type": "package"
      }
    }
  },
  "libraries": {
    "StyleCop.Analyzers/1.2.0-beta.556": {
      "sha512": "llRPgmA1fhC0I0QyFLEcjvtM2239QzKr/tcnbsjArLMJxJlu0AA5G7Fft0OI30pHF3MW63Gf4aSSsjc5m82J1Q==",
      "type": "package",
      "path": "stylecop.analyzers/1.2.0-beta.556",
      "files": [
        ".nupkg.metadata",
        ".signature.p7s",
        "LICENSE",
        "THIRD-PARTY-NOTICES.txt",
        "stylecop.analyzers.1.2.0-beta.556.nupkg.sha512",
        "stylecop.analyzers.nuspec"
      ]
    },
    "StyleCop.Analyzers.Unstable/1.2.0.556": {
      "sha512": "zvn9Mqs/ox/83cpYPignI8hJEM2A93s2HkHs8HYMOAQW0PkampyoErAiIyKxgTLqbbad29HX/shv/6LGSjPJNQ==",
      "type": "package",
      "path": "stylecop.analyzers.unstable/1.2.0.556",
      "hasTools": true,
      "files": [
        ".nupkg.metadata",
        ".signature.p7s",
        "LICENSE",
        "THIRD-PARTY-NOTICES.txt",
        "analyzers/dotnet/cs/StyleCop.Analyzers.CodeFixes.dll",
        "analyzers/dotnet/cs/StyleCop.Analyzers.dll",
        "analyzers/dotnet/cs/de-DE/StyleCop.Analyzers.resources.dll",
        "analyzers/dotnet/cs/en-GB/StyleCop.Analyzers.resources.dll",
        "analyzers/dotnet/cs/es-MX/StyleCop.Analyzers.resources.dll",
        "analyzers/dotnet/cs/fr-FR/StyleCop.Analyzers.resources.dll",
        "analyzers/dotnet/cs/pl-PL/StyleCop.Analyzers.resources.dll",
        "analyzers/dotnet/cs/pt-BR/StyleCop.Analyzers.resources.dll",
        "analyzers/dotnet/cs/ru-RU/StyleCop.Analyzers.resources.dll",
        "rulesets/StyleCopAnalyzersDefault.ruleset",
        "stylecop.analyzers.unstable.1.2.0.556.nupkg.sha512",
        "stylecop.analyzers.unstable.nuspec",
        "tools/install.ps1",
        "tools/uninstall.ps1"
      ]
    }
  },
  "projectFileDependencyGroups": {
    "net8.0": [
      "StyleCop.Analyzers >= 1.2.0-beta.556"
    ]
  },
  "packageFolders": {
    "D:\\devhome\\packages": {},
    "C:\\Program Files (x86)\\Microsoft Visual Studio\\Shared\\NuGetPackages": {}
  },
  "project": {
    "version": "1.0.0",
    "restore": {
      "projectUniqueName": "D:\\devhome\\extensions\\SampleExtension\\WebServer\\WebServer.csproj",
      "projectName": "WebServer",
      "projectPath": "D:\\devhome\\extensions\\SampleExtension\\WebServer\\WebServer.csproj",
      "packagesPath": "D:\\devhome\\packages",
      "outputPath": "D:\\devhome\\extensions\\SampleExtension\\WebServer\\obj\\",
      "projectStyle": "PackageReference",
      "fallbackFolders": [
        "C:\\Program Files (x86)\\Microsoft Visual Studio\\Shared\\NuGetPackages"
      ],
      "configFilePaths": [
        "D:\\devhome\\NuGet.Config",
        "C:\\Users\\laurenciha\\AppData\\Roaming\\NuGet\\NuGet.Config",
        "C:\\Program Files (x86)\\NuGet\\Config\\Microsoft.VisualStudio.FallbackLocation.config",
        "C:\\Program Files (x86)\\NuGet\\Config\\Microsoft.VisualStudio.Offline.config"
      ],
      "originalTargetFrameworks": [
        "net8.0"
      ],
      "sources": {
        "C:\\Program Files\\dotnet\\library-packs": {},
        "D:\\devhome\\extensionsdk\\_build": {},
        "https://pkgs.dev.azure.com/shine-oss/DevHome/_packaging/DevHomeDependencies/nuget/v3/index.json": {}
      },
      "frameworks": {
        "net8.0": {
          "targetAlias": "net8.0",
          "projectReferences": {}
        }
      },
      "warningProperties": {
        "allWarningsAsErrors": true,
        "warnAsError": [
          "NU1605"
        ]
      },
      "restoreAuditProperties": {
        "enableAudit": "true",
        "auditLevel": "low",
        "auditMode": "direct"
      }
    },
    "frameworks": {
      "net8.0": {
        "targetAlias": "net8.0",
        "dependencies": {
          "StyleCop.Analyzers": {
            "include": "Runtime, Build, Native, ContentFiles, Analyzers, BuildTransitive",
            "suppressParent": "All",
            "target": "Package",
            "version": "[1.2.0-beta.556, )"
          }
        },
        "imports": [
          "net461",
          "net462",
          "net47",
          "net471",
          "net472",
          "net48",
          "net481"
        ],
        "assetTargetFallback": true,
        "warn": true,
        "frameworkReferences": {
          "Microsoft.NETCore.App": {
            "privateAssets": "all"
          }
        },
        "runtimeIdentifierGraphPath": "C:\\Program Files\\dotnet\\sdk\\8.0.400/PortableRuntimeIdentifierGraph.json"
      }
    }
  }
}