
Microsoft Visual Studio Solution File, Format Version 12.00
# Visual Studio Version 17
VisualStudioVersion = 17.8.34511.84
MinimumVisualStudioVersion = 10.0.40219.1
Project("{9A19103F-16F7-4668-BE54-9A1E7A4F7556}") = "ErrorDBPopulateTool", "ErrorDBPopulateTool.csproj", "{4E81C36F-B8D3-4806-B6F9-0417FE0D3E9E}"
EndProject
Global
	GlobalSection(SolutionConfigurationPlatforms) = preSolution
		Debug|Any CPU = Debug|Any CPU
		Release|Any CPU = Release|Any CPU
	EndGlobalSection
	GlobalSection(ProjectConfigurationPlatforms) = postSolution
		{4E81C36F-B8D3-4806-B6F9-0417FE0D3E9E}.Debug|Any CPU.ActiveCfg = Debug|Any CPU
		{4E81C36F-B8D3-4806-B6F9-0417FE0D3E9E}.Debug|Any CPU.Build.0 = Debug|Any CPU
		{4E81C36F-B8D3-4806-B6F9-0417FE0D3E9E}.Release|Any CPU.ActiveCfg = Release|Any CPU
		{4E81C36F-B8D3-4806-B6F9-0417FE0D3E9E}.Release|Any CPU.Build.0 = Release|Any CPU
	EndGlobalSection
	GlobalSection(SolutionProperties) = preSolution
		HideSolutionNode = FALSE
	EndGlobalSection
	GlobalSection(ExtensibilityGlobals) = postSolution
		SolutionGuid = {19A669F0-8462-4680-8877-B19511E1FB08}
	EndGlobalSection
EndGlobal
