
Microsoft Visual Studio Solution File, Format Version 12.00
# Visual Studio Version 17
VisualStudioVersion = 17.10.35027.167
MinimumVisualStudioVersion = 10.0.40219.1
Project("{8BC9CEB8-8B4A-11D0-8D11-00A0C91BC942}") = "TestLoadFailure", "TestLoadFailure.vcxproj", "{F196A38B-190C-4B00-813D-DC0B7AD24CB7}"
EndProject
Global
	GlobalSection(SolutionConfigurationPlatforms) = preSolution
		Debug|x64 = Debug|x64
		Debug|x86 = Debug|x86
		Release|x64 = Release|x64
		Release|x86 = Release|x86
	EndGlobalSection
	GlobalSection(ProjectConfigurationPlatforms) = postSolution
		{F196A38B-190C-4B00-813D-DC0B7AD24CB7}.Debug|x64.ActiveCfg = Debug|x64
		{F196A38B-190C-4B00-813D-DC0B7AD24CB7}.Debug|x64.Build.0 = Debug|x64
		{F196A38B-190C-4B00-813D-DC0B7AD24CB7}.Debug|x86.ActiveCfg = Debug|Win32
		{F196A38B-190C-4B00-813D-DC0B7AD24CB7}.Debug|x86.Build.0 = Debug|Win32
		{F196A38B-190C-4B00-813D-DC0B7AD24CB7}.Release|x64.ActiveCfg = Release|x64
		{F196A38B-190C-4B00-813D-DC0B7AD24CB7}.Release|x64.Build.0 = Release|x64
		{F196A38B-190C-4B00-813D-DC0B7AD24CB7}.Release|x86.ActiveCfg = Release|Win32
		{F196A38B-190C-4B00-813D-DC0B7AD24CB7}.Release|x86.Build.0 = Release|Win32
	EndGlobalSection
	GlobalSection(SolutionProperties) = preSolution
		HideSolutionNode = FALSE
	EndGlobalSection
	GlobalSection(ExtensibilityGlobals) = postSolution
		SolutionGuid = {719DF9B7-6772-4B5E-BA9D-6E4346A35C25}
	EndGlobalSection
EndGlobal
